{"format_version":"1.0","provider_schemas":{"registry.terraform.io/cloudflare/cloudflare":{"provider":{"version":0,"block":{"attributes":{"account_id":{"type":"string","description":"Configure API client to always use a specific account. Alternatively, can be configured using the `CLOUDFLARE_ACCOUNT_ID` environment variable.","description_kind":"markdown","deprecated":true,"optional":true},"api_base_path":{"type":"string","description":"Configure the base path used by the API client. Alternatively, can be configured using the `CLOUDFLARE_API_BASE_PATH` environment variable.","description_kind":"markdown","optional":true},"api_client_logging":{"type":"bool","description":"Whether to print logs from the API client (using the default log library logger). Alternatively, can be configured using the `CLOUDFLARE_API_CLIENT_LOGGING` environment variable.","description_kind":"markdown","optional":true},"api_hostname":{"type":"string","description":"Configure the hostname used by the API client. Alternatively, can be configured using the `CLOUDFLARE_API_HOSTNAME` environment variable.","description_kind":"markdown","optional":true},"api_key":{"type":"string","description":"The API key for operations. Alternatively, can be configured using the `CLOUDFLARE_API_KEY` environment variable. API keys are [now considered legacy by Cloudflare](https://developers.cloudflare.com/api/keys/#limitations), API tokens should be used instead.","description_kind":"markdown","optional":true},"api_token":{"type":"string","description":"The API Token for operations. Alternatively, can be configured using the `CLOUDFLARE_API_TOKEN` environment variable.","description_kind":"markdown","optional":true},"api_user_service_key":{"type":"string","description":"A special Cloudflare API key good for a restricted set of endpoints. Alternatively, can be configured using the `CLOUDFLARE_API_USER_SERVICE_KEY` environment variable.","description_kind":"markdown","optional":true},"email":{"type":"string","description":"A registered Cloudflare email address. Alternatively, can be configured using the `CLOUDFLARE_EMAIL` environment variable. Conflicts with `api_token`.","description_kind":"markdown","optional":true},"max_backoff":{"type":"number","description":"Maximum backoff period in seconds after failed API calls. Alternatively, can be configured using the `CLOUDFLARE_MAX_BACKOFF` environment variable.","description_kind":"markdown","optional":true},"min_backoff":{"type":"number","description":"Minimum backoff period in seconds after failed API calls. Alternatively, can be configured using the `CLOUDFLARE_MIN_BACKOFF` environment variable.","description_kind":"markdown","optional":true},"retries":{"type":"number","description":"Maximum number of retries to perform when an API request fails. Alternatively, can be configured using the `CLOUDFLARE_RETRIES` environment variable.","description_kind":"markdown","optional":true},"rps":{"type":"number","description":"RPS limit to apply when making calls to the API. Alternatively, can be configured using the `CLOUDFLARE_RPS` environment variable.","description_kind":"markdown","optional":true}},"description_kind":"plain"}},"resource_schemas":{"cloudflare_access_application":{"version":0,"block":{"attributes":{"account_id":{"type":"string","description":"The account identifier to target for the resource. Conflicts with `zone_id`.","description_kind":"markdown","optional":true,"computed":true},"allowed_idps":{"type":["list","string"],"description":"The identity providers selected for the application.","description_kind":"markdown","optional":true},"app_launcher_visible":{"type":"bool","description":"Option to show/hide applications in App Launcher. Defaults to `true`.","description_kind":"markdown","optional":true},"aud":{"type":"string","description":"Application Audience (AUD) Tag of the application.","description_kind":"markdown","computed":true},"auto_redirect_to_identity":{"type":"bool","description":"Option to skip identity provider selection if only one is configured in `allowed_idps`. Defaults to `false`.","description_kind":"markdown","optional":true},"custom_deny_message":{"type":"string","description":"Option that returns a custom error message when a user is denied access to the application.","description_kind":"markdown","optional":true},"custom_deny_url":{"type":"string","description":"Option that redirects to a custom URL when a user is denied access to the application.","description_kind":"markdown","optional":true},"domain":{"type":"string","description":"The complete URL of the asset you wish to put Cloudflare Access in front of. Can include subdomains or paths. Or both.","description_kind":"markdown","required":true},"enable_binding_cookie":{"type":"bool","description":"Option to provide increased security against compromised authorization tokens and CSRF attacks by requiring an additional \"binding\" cookie on requests. Defaults to `false`.","description_kind":"markdown","optional":true},"http_only_cookie_attribute":{"type":"bool","description":"Option to add the `HttpOnly` cookie flag to access tokens. Defaults to `true`.","description_kind":"markdown","optional":true},"id":{"type":"string","description_kind":"plain","optional":true,"computed":true},"logo_url":{"type":"string","description":"Image URL for the logo shown in the app launcher dashboard.","description_kind":"markdown","optional":true},"name":{"type":"string","description":"Friendly name of the Access Application.","description_kind":"markdown","required":true},"same_site_cookie_attribute":{"type":"string","description":"Defines the same-site cookie setting for access tokens. Available values: `none`, `lax`, `strict`.","description_kind":"markdown","optional":true},"service_auth_401_redirect":{"type":"bool","description":"Option to return a 401 status code in service authentication rules on failed requests. Defaults to `false`.","description_kind":"markdown","optional":true},"session_duration":{"type":"string","description":"How often a user will be forced to re-authorise. Must be in the format `48h` or `2h45m`. Defaults to `24h`.","description_kind":"markdown","optional":true},"skip_interstitial":{"type":"bool","description":"Option to skip the authorization interstitial when using the CLI. Defaults to `false`.","description_kind":"markdown","optional":true},"type":{"type":"string","description":"The application type. Available values: `self_hosted`, `ssh`, `vnc`, `file`. Defaults to `self_hosted`.","description_kind":"markdown","optional":true},"zone_id":{"type":"string","description":"The zone identifier to target for the resource. Conflicts with `account_id`.","description_kind":"markdown","optional":true,"computed":true}},"block_types":{"cors_headers":{"nesting_mode":"list","block":{"attributes":{"allow_all_headers":{"type":"bool","description":"Value to determine whether all HTTP headers are exposed.","description_kind":"markdown","optional":true},"allow_all_methods":{"type":"bool","description":"Value to determine whether all methods are exposed.","description_kind":"markdown","optional":true},"allow_all_origins":{"type":"bool","description":"Value to determine whether all origins are permitted to make CORS requests.","description_kind":"markdown","optional":true},"allow_credentials":{"type":"bool","description":"Value to determine if credentials (cookies, authorization headers, or TLS client certificates) are included with requests.","description_kind":"markdown","optional":true},"allowed_headers":{"type":["set","string"],"description":"List of HTTP headers to expose via CORS.","description_kind":"markdown","optional":true},"allowed_methods":{"type":["set","string"],"description":"List of methods to expose via CORS.","description_kind":"markdown","optional":true},"allowed_origins":{"type":["set","string"],"description":"List of origins permitted to make CORS requests.","description_kind":"markdown","optional":true},"max_age":{"type":"number","description":"The maximum time a preflight request will be cached.","description_kind":"markdown","optional":true}},"description":"CORS configuration for the Access Application. See below for reference structure.","description_kind":"markdown"}}},"description":"Provides a Cloudflare Access Application resource. Access\nApplications are used to restrict access to a whole application using an\nauthorisation gateway managed by Cloudflare.\n\t\t","description_kind":"markdown"}},"cloudflare_access_bookmark":{"version":0,"block":{"attributes":{"account_id":{"type":"string","description":"The account identifier to target for the resource. Conflicts with `zone_id`.","description_kind":"markdown","optional":true,"computed":true},"app_launcher_visible":{"type":"bool","description":"Option to show/hide the bookmark in the app launcher. Defaults to `true`.","description_kind":"markdown","optional":true},"domain":{"type":"string","description":"The domain of the bookmark application. Can include subdomains, paths, or both.","description_kind":"markdown","required":true},"id":{"type":"string","description_kind":"plain","optional":true,"computed":true},"logo_url":{"type":"string","description":"The image URL for the logo shown in the app launcher dashboard.","description_kind":"markdown","optional":true},"name":{"type":"string","description":"Name of the bookmark application.","description_kind":"markdown","required":true},"zone_id":{"type":"string","description":"The zone identifier to target for the resource. Conflicts with `account_id`.","description_kind":"markdown","optional":true,"computed":true}},"description":"Provides a Cloudflare Access Bookmark resource. Access Bookmark applications are not protected behind Access but are displayed in the App Launcher.","description_kind":"markdown"}},"cloudflare_access_ca_certificate":{"version":0,"block":{"attributes":{"account_id":{"type":"string","description":"The account identifier to target for the resource. Conflicts with `zone_id`.","description_kind":"markdown","optional":true,"computed":true},"application_id":{"type":"string","description":"The Access Application ID to associate with the CA certificate.","description_kind":"markdown","required":true},"aud":{"type":"string","description":"Application Audience (AUD) Tag of the CA certificate.","description_kind":"markdown","computed":true},"id":{"type":"string","description_kind":"plain","optional":true,"computed":true},"public_key":{"type":"string","description":"Cryptographic public key of the generated CA certificate.","description_kind":"markdown","computed":true},"zone_id":{"type":"string","description":"The zone identifier to target for the resource. Conflicts with `account_id`.","description_kind":"markdown","optional":true,"computed":true}},"description":"Cloudflare Access can replace traditional SSH key models with short-lived certificates issued to your users based on the token generated by their Access login.","description_kind":"markdown"}},"cloudflare_access_group":{"version":0,"block":{"attributes":{"account_id":{"type":"string","description":"The account identifier to target for the resource. Conflicts with `zone_id`.","description_kind":"markdown","optional":true},"id":{"type":"string","description_kind":"plain","optional":true,"computed":true},"name":{"type":"string","description_kind":"plain","required":true},"zone_id":{"type":"string","description":"The zone identifier to target for the resource. Conflicts with `account_id`.","description_kind":"markdown","optional":true,"computed":true}},"block_types":{"exclude":{"nesting_mode":"list","block":{"attributes":{"any_valid_service_token":{"type":"bool","description_kind":"plain","optional":true},"auth_method":{"type":"string","description_kind":"plain","optional":true},"certificate":{"type":"bool","description_kind":"plain","optional":true},"common_name":{"type":"string","description_kind":"plain","optional":true},"device_posture":{"type":["list","string"],"description_kind":"plain","optional":true},"email":{"type":["list","string"],"description_kind":"plain","optional":true},"email_domain":{"type":["list","string"],"description_kind":"plain","optional":true},"everyone":{"type":"bool","description_kind":"plain","optional":true},"geo":{"type":["list","string"],"description_kind":"plain","optional":true},"group":{"type":["list","string"],"description_kind":"plain","optional":true},"ip":{"type":["list","string"],"description_kind":"plain","optional":true},"login_method":{"type":["list","string"],"description_kind":"plain","optional":true},"service_token":{"type":["list","string"],"description_kind":"plain","optional":true}},"block_types":{"azure":{"nesting_mode":"list","block":{"attributes":{"id":{"type":["list","string"],"description_kind":"plain","optional":true},"identity_provider_id":{"type":"string","description_kind":"plain","optional":true}},"description_kind":"plain"}},"external_evaluation":{"nesting_mode":"list","block":{"attributes":{"evaluate_url":{"type":"string","description_kind":"plain","optional":true},"keys_url":{"type":"string","description_kind":"plain","optional":true}},"description_kind":"plain"},"max_items":1},"github":{"nesting_mode":"list","block":{"attributes":{"identity_provider_id":{"type":"string","description_kind":"plain","optional":true},"name":{"type":"string","description_kind":"plain","optional":true},"teams":{"type":["list","string"],"description_kind":"plain","optional":true}},"description_kind":"plain"}},"gsuite":{"nesting_mode":"list","block":{"attributes":{"email":{"type":["list","string"],"description_kind":"plain","optional":true},"identity_provider_id":{"type":"string","description_kind":"plain","optional":true}},"description_kind":"plain"}},"okta":{"nesting_mode":"list","block":{"attributes":{"identity_provider_id":{"type":"string","description_kind":"plain","optional":true},"name":{"type":["list","string"],"description_kind":"plain","optional":true}},"description_kind":"plain"}},"saml":{"nesting_mode":"list","block":{"attributes":{"attribute_name":{"type":"string","description_kind":"plain","optional":true},"attribute_value":{"type":"string","description_kind":"plain","optional":true},"identity_provider_id":{"type":"string","description_kind":"plain","optional":true}},"description_kind":"plain"}}},"description_kind":"plain"}},"include":{"nesting_mode":"list","block":{"attributes":{"any_valid_service_token":{"type":"bool","description_kind":"plain","optional":true},"auth_method":{"type":"string","description_kind":"plain","optional":true},"certificate":{"type":"bool","description_kind":"plain","optional":true},"common_name":{"type":"string","description_kind":"plain","optional":true},"device_posture":{"type":["list","string"],"description_kind":"plain","optional":true},"email":{"type":["list","string"],"description_kind":"plain","optional":true},"email_domain":{"type":["list","string"],"description_kind":"plain","optional":true},"everyone":{"type":"bool","description_kind":"plain","optional":true},"geo":{"type":["list","string"],"description_kind":"plain","optional":true},"group":{"type":["list","string"],"description_kind":"plain","optional":true},"ip":{"type":["list","string"],"description_kind":"plain","optional":true},"login_method":{"type":["list","string"],"description_kind":"plain","optional":true},"service_token":{"type":["list","string"],"description_kind":"plain","optional":true}},"block_types":{"azure":{"nesting_mode":"list","block":{"attributes":{"id":{"type":["list","string"],"description_kind":"plain","optional":true},"identity_provider_id":{"type":"string","description_kind":"plain","optional":true}},"description_kind":"plain"}},"external_evaluation":{"nesting_mode":"list","block":{"attributes":{"evaluate_url":{"type":"string","description_kind":"plain","optional":true},"keys_url":{"type":"string","description_kind":"plain","optional":true}},"description_kind":"plain"},"max_items":1},"github":{"nesting_mode":"list","block":{"attributes":{"identity_provider_id":{"type":"string","description_kind":"plain","optional":true},"name":{"type":"string","description_kind":"plain","optional":true},"teams":{"type":["list","string"],"description_kind":"plain","optional":true}},"description_kind":"plain"}},"gsuite":{"nesting_mode":"list","block":{"attributes":{"email":{"type":["list","string"],"description_kind":"plain","optional":true},"identity_provider_id":{"type":"string","description_kind":"plain","optional":true}},"description_kind":"plain"}},"okta":{"nesting_mode":"list","block":{"attributes":{"identity_provider_id":{"type":"string","description_kind":"plain","optional":true},"name":{"type":["list","string"],"description_kind":"plain","optional":true}},"description_kind":"plain"}},"saml":{"nesting_mode":"list","block":{"attributes":{"attribute_name":{"type":"string","description_kind":"plain","optional":true},"attribute_value":{"type":"string","description_kind":"plain","optional":true},"identity_provider_id":{"type":"string","description_kind":"plain","optional":true}},"description_kind":"plain"}}},"description_kind":"plain"},"min_items":1},"require":{"nesting_mode":"list","block":{"attributes":{"any_valid_service_token":{"type":"bool","description_kind":"plain","optional":true},"auth_method":{"type":"string","description_kind":"plain","optional":true},"certificate":{"type":"bool","description_kind":"plain","optional":true},"common_name":{"type":"string","description_kind":"plain","optional":true},"device_posture":{"type":["list","string"],"description_kind":"plain","optional":true},"email":{"type":["list","string"],"description_kind":"plain","optional":true},"email_domain":{"type":["list","string"],"description_kind":"plain","optional":true},"everyone":{"type":"bool","description_kind":"plain","optional":true},"geo":{"type":["list","string"],"description_kind":"plain","optional":true},"group":{"type":["list","string"],"description_kind":"plain","optional":true},"ip":{"type":["list","string"],"description_kind":"plain","optional":true},"login_method":{"type":["list","string"],"description_kind":"plain","optional":true},"service_token":{"type":["list","string"],"description_kind":"plain","optional":true}},"block_types":{"azure":{"nesting_mode":"list","block":{"attributes":{"id":{"type":["list","string"],"description_kind":"plain","optional":true},"identity_provider_id":{"type":"string","description_kind":"plain","optional":true}},"description_kind":"plain"}},"external_evaluation":{"nesting_mode":"list","block":{"attributes":{"evaluate_url":{"type":"string","description_kind":"plain","optional":true},"keys_url":{"type":"string","description_kind":"plain","optional":true}},"description_kind":"plain"},"max_items":1},"github":{"nesting_mode":"list","block":{"attributes":{"identity_provider_id":{"type":"string","description_kind":"plain","optional":true},"name":{"type":"string","description_kind":"plain","optional":true},"teams":{"type":["list","string"],"description_kind":"plain","optional":true}},"description_kind":"plain"}},"gsuite":{"nesting_mode":"list","block":{"attributes":{"email":{"type":["list","string"],"description_kind":"plain","optional":true},"identity_provider_id":{"type":"string","description_kind":"plain","optional":true}},"description_kind":"plain"}},"okta":{"nesting_mode":"list","block":{"attributes":{"identity_provider_id":{"type":"string","description_kind":"plain","optional":true},"name":{"type":["list","string"],"description_kind":"plain","optional":true}},"description_kind":"plain"}},"saml":{"nesting_mode":"list","block":{"attributes":{"attribute_name":{"type":"string","description_kind":"plain","optional":true},"attribute_value":{"type":"string","description_kind":"plain","optional":true},"identity_provider_id":{"type":"string","description_kind":"plain","optional":true}},"description_kind":"plain"}}},"description_kind":"plain"}}},"description":"Provides a Cloudflare Access Group resource. Access Groups are used in conjunction with Access Policies to restrict access to a particular resource based on group membership.","description_kind":"markdown"}},"cloudflare_access_identity_provider":{"version":0,"block":{"attributes":{"account_id":{"type":"string","description":"The account identifier to target for the resource. Conflicts with `zone_id`.","description_kind":"markdown","optional":true},"id":{"type":"string","description_kind":"plain","optional":true,"computed":true},"name":{"type":"string","description":"Friendly name of the Access Identity Provider configuration.","description_kind":"markdown","required":true},"type":{"type":"string","description":"The provider type to use. Available values: `centrify`, `facebook`, `google-apps`, `oidc`, `github`, `google`, `saml`, `linkedin`, `azureAD`, `okta`, `onetimepin`, `onelogin`, `yandex`.","description_kind":"markdown","required":true},"zone_id":{"type":"string","description":"The zone identifier to target for the resource. Conflicts with `account_id`.","description_kind":"markdown","optional":true}},"block_types":{"config":{"nesting_mode":"list","block":{"attributes":{"api_token":{"type":"string","description_kind":"plain","optional":true},"apps_domain":{"type":"string","description_kind":"plain","optional":true},"attributes":{"type":["list","string"],"description_kind":"plain","optional":true},"auth_url":{"type":"string","description_kind":"plain","optional":true},"centrify_account":{"type":"string","description_kind":"plain","optional":true},"centrify_app_id":{"type":"string","description_kind":"plain","optional":true},"certs_url":{"type":"string","description_kind":"plain","optional":true},"client_id":{"type":"string","description_kind":"plain","optional":true},"client_secret":{"type":"string","description_kind":"plain","optional":true},"directory_id":{"type":"string","description_kind":"plain","optional":true},"email_attribute_name":{"type":"string","description_kind":"plain","optional":true},"idp_public_cert":{"type":"string","description_kind":"plain","optional":true},"issuer_url":{"type":"string","description_kind":"plain","optional":true},"okta_account":{"type":"string","description_kind":"plain","optional":true},"onelogin_account":{"type":"string","description_kind":"plain","optional":true},"pkce_enabled":{"type":"bool","description_kind":"plain","optional":true},"redirect_url":{"type":"string","description_kind":"plain","optional":true,"computed":true},"sign_request":{"type":"bool","description_kind":"plain","optional":true},"sso_target_url":{"type":"string","description_kind":"plain","optional":true},"support_groups":{"type":"bool","description_kind":"plain","optional":true},"token_url":{"type":"string","description_kind":"plain","optional":true}},"description":"Provider configuration from the [developer documentation](https://developers.cloudflare.com/access/configuring-identity-providers/).","description_kind":"markdown"}}},"description":"Provides a Cloudflare Access Identity Provider resource. Identity Providers are used as an authentication or authorisation source within Access.","description_kind":"markdown"}},"cloudflare_access_keys_configuration":{"version":0,"block":{"attributes":{"account_id":{"type":"string","description":"The account identifier to target for the resource.","description_kind":"markdown","required":true},"id":{"type":"string","description_kind":"plain","optional":true,"computed":true},"key_rotation_interval_days":{"type":"number","description":"Number of days to trigger a rotation of the keys.","description_kind":"markdown","optional":true,"computed":true}},"description":"Access Keys Configuration defines the rotation policy for the keys that access will use to sign data.","description_kind":"markdown"}},"cloudflare_access_mutual_tls_certificate":{"version":0,"block":{"attributes":{"account_id":{"type":"string","description":"The account identifier to target for the resource. Conflicts with `zone_id`.","description_kind":"markdown","optional":true,"computed":true},"associated_hostnames":{"type":["list","string"],"description":"The hostnames that will be prompted for this certificate.","description_kind":"markdown","optional":true},"certificate":{"type":"string","description":"The Root CA for your certificates.","description_kind":"markdown","optional":true},"fingerprint":{"type":"string","description_kind":"plain","computed":true},"id":{"type":"string","description_kind":"plain","optional":true,"computed":true},"name":{"type":"string","description":"The name of the certificate.","description_kind":"markdown","required":true},"zone_id":{"type":"string","description":"The zone identifier to target for the resource. Conflicts with `account_id`.","description_kind":"markdown","optional":true,"computed":true}},"description":"Provides a Cloudflare Access Mutual TLS Certificate resource. Mutual TLS authentication ensures that the traffic is secure and trusted in both directions between a client and server and can be used with Access to only allows requests from devices with a corresponding client certificate.","description_kind":"markdown"}},"cloudflare_access_policy":{"version":0,"block":{"attributes":{"account_id":{"type":"string","description":"The account identifier to target for the resource. Conflicts with `zone_id`.","description_kind":"markdown","optional":true,"computed":true},"application_id":{"type":"string","description":"The ID of the application the policy is associated with.","description_kind":"markdown","required":true},"approval_required":{"type":"bool","description_kind":"plain","optional":true},"decision":{"type":"string","description":"Defines the action Access will take if the policy matches the user. Available values: `allow`, `deny`, `non_identity`, `bypass`.","description_kind":"markdown","required":true},"id":{"type":"string","description_kind":"plain","optional":true,"computed":true},"name":{"type":"string","description":"Friendly name of the Access Policy.","description_kind":"markdown","required":true},"precedence":{"type":"number","description":"The unique precedence for policies on a single application.","description_kind":"markdown","required":true},"purpose_justification_prompt":{"type":"string","description":"The prompt to display to the user for a justification for accessing the resource.","description_kind":"markdown","optional":true},"purpose_justification_required":{"type":"bool","description":"Whether to prompt the user for a justification for accessing the resource.","description_kind":"markdown","optional":true},"zone_id":{"type":"string","description":"The zone identifier to target for the resource. Conflicts with `account_id`.","description_kind":"markdown","optional":true,"computed":true}},"block_types":{"approval_group":{"nesting_mode":"list","block":{"attributes":{"approvals_needed":{"type":"number","description":"Number of approvals needed.","description_kind":"markdown","required":true},"email_addresses":{"type":["list","string"],"description":"List of emails to request approval from.","description_kind":"markdown","optional":true},"email_list_uuid":{"type":"string","description_kind":"plain","optional":true}},"description_kind":"plain"}},"exclude":{"nesting_mode":"list","block":{"attributes":{"any_valid_service_token":{"type":"bool","description_kind":"plain","optional":true},"auth_method":{"type":"string","description_kind":"plain","optional":true},"certificate":{"type":"bool","description_kind":"plain","optional":true},"common_name":{"type":"string","description_kind":"plain","optional":true},"device_posture":{"type":["list","string"],"description_kind":"plain","optional":true},"email":{"type":["list","string"],"description_kind":"plain","optional":true},"email_domain":{"type":["list","string"],"description_kind":"plain","optional":true},"everyone":{"type":"bool","description_kind":"plain","optional":true},"geo":{"type":["list","string"],"description_kind":"plain","optional":true},"group":{"type":["list","string"],"description_kind":"plain","optional":true},"ip":{"type":["list","string"],"description_kind":"plain","optional":true},"login_method":{"type":["list","string"],"description_kind":"plain","optional":true},"service_token":{"type":["list","string"],"description_kind":"plain","optional":true}},"block_types":{"azure":{"nesting_mode":"list","block":{"attributes":{"id":{"type":["list","string"],"description_kind":"plain","optional":true},"identity_provider_id":{"type":"string","description_kind":"plain","optional":true}},"description_kind":"plain"}},"external_evaluation":{"nesting_mode":"list","block":{"attributes":{"evaluate_url":{"type":"string","description_kind":"plain","optional":true},"keys_url":{"type":"string","description_kind":"plain","optional":true}},"description_kind":"plain"},"max_items":1},"github":{"nesting_mode":"list","block":{"attributes":{"identity_provider_id":{"type":"string","description_kind":"plain","optional":true},"name":{"type":"string","description_kind":"plain","optional":true},"teams":{"type":["list","string"],"description_kind":"plain","optional":true}},"description_kind":"plain"}},"gsuite":{"nesting_mode":"list","block":{"attributes":{"email":{"type":["list","string"],"description_kind":"plain","optional":true},"identity_provider_id":{"type":"string","description_kind":"plain","optional":true}},"description_kind":"plain"}},"okta":{"nesting_mode":"list","block":{"attributes":{"identity_provider_id":{"type":"string","description_kind":"plain","optional":true},"name":{"type":["list","string"],"description_kind":"plain","optional":true}},"description_kind":"plain"}},"saml":{"nesting_mode":"list","block":{"attributes":{"attribute_name":{"type":"string","description_kind":"plain","optional":true},"attribute_value":{"type":"string","description_kind":"plain","optional":true},"identity_provider_id":{"type":"string","description_kind":"plain","optional":true}},"description_kind":"plain"}}},"description":"A series of access conditions, see [Access Groups](https://registry.terraform.io/providers/cloudflare/cloudflare/latest/docs/resources/access_group#conditions).","description_kind":"markdown"}},"include":{"nesting_mode":"list","block":{"attributes":{"any_valid_service_token":{"type":"bool","description_kind":"plain","optional":true},"auth_method":{"type":"string","description_kind":"plain","optional":true},"certificate":{"type":"bool","description_kind":"plain","optional":true},"common_name":{"type":"string","description_kind":"plain","optional":true},"device_posture":{"type":["list","string"],"description_kind":"plain","optional":true},"email":{"type":["list","string"],"description_kind":"plain","optional":true},"email_domain":{"type":["list","string"],"description_kind":"plain","optional":true},"everyone":{"type":"bool","description_kind":"plain","optional":true},"geo":{"type":["list","string"],"description_kind":"plain","optional":true},"group":{"type":["list","string"],"description_kind":"plain","optional":true},"ip":{"type":["list","string"],"description_kind":"plain","optional":true},"login_method":{"type":["list","string"],"description_kind":"plain","optional":true},"service_token":{"type":["list","string"],"description_kind":"plain","optional":true}},"block_types":{"azure":{"nesting_mode":"list","block":{"attributes":{"id":{"type":["list","string"],"description_kind":"plain","optional":true},"identity_provider_id":{"type":"string","description_kind":"plain","optional":true}},"description_kind":"plain"}},"external_evaluation":{"nesting_mode":"list","block":{"attributes":{"evaluate_url":{"type":"string","description_kind":"plain","optional":true},"keys_url":{"type":"string","description_kind":"plain","optional":true}},"description_kind":"plain"},"max_items":1},"github":{"nesting_mode":"list","block":{"attributes":{"identity_provider_id":{"type":"string","description_kind":"plain","optional":true},"name":{"type":"string","description_kind":"plain","optional":true},"teams":{"type":["list","string"],"description_kind":"plain","optional":true}},"description_kind":"plain"}},"gsuite":{"nesting_mode":"list","block":{"attributes":{"email":{"type":["list","string"],"description_kind":"plain","optional":true},"identity_provider_id":{"type":"string","description_kind":"plain","optional":true}},"description_kind":"plain"}},"okta":{"nesting_mode":"list","block":{"attributes":{"identity_provider_id":{"type":"string","description_kind":"plain","optional":true},"name":{"type":["list","string"],"description_kind":"plain","optional":true}},"description_kind":"plain"}},"saml":{"nesting_mode":"list","block":{"attributes":{"attribute_name":{"type":"string","description_kind":"plain","optional":true},"attribute_value":{"type":"string","description_kind":"plain","optional":true},"identity_provider_id":{"type":"string","description_kind":"plain","optional":true}},"description_kind":"plain"}}},"description":"A series of access conditions, see [Access Groups](https://registry.terraform.io/providers/cloudflare/cloudflare/latest/docs/resources/access_group#conditions).","description_kind":"markdown"},"min_items":1},"require":{"nesting_mode":"list","block":{"attributes":{"any_valid_service_token":{"type":"bool","description_kind":"plain","optional":true},"auth_method":{"type":"string","description_kind":"plain","optional":true},"certificate":{"type":"bool","description_kind":"plain","optional":true},"common_name":{"type":"string","description_kind":"plain","optional":true},"device_posture":{"type":["list","string"],"description_kind":"plain","optional":true},"email":{"type":["list","string"],"description_kind":"plain","optional":true},"email_domain":{"type":["list","string"],"description_kind":"plain","optional":true},"everyone":{"type":"bool","description_kind":"plain","optional":true},"geo":{"type":["list","string"],"description_kind":"plain","optional":true},"group":{"type":["list","string"],"description_kind":"plain","optional":true},"ip":{"type":["list","string"],"description_kind":"plain","optional":true},"login_method":{"type":["list","string"],"description_kind":"plain","optional":true},"service_token":{"type":["list","string"],"description_kind":"plain","optional":true}},"block_types":{"azure":{"nesting_mode":"list","block":{"attributes":{"id":{"type":["list","string"],"description_kind":"plain","optional":true},"identity_provider_id":{"type":"string","description_kind":"plain","optional":true}},"description_kind":"plain"}},"external_evaluation":{"nesting_mode":"list","block":{"attributes":{"evaluate_url":{"type":"string","description_kind":"plain","optional":true},"keys_url":{"type":"string","description_kind":"plain","optional":true}},"description_kind":"plain"},"max_items":1},"github":{"nesting_mode":"list","block":{"attributes":{"identity_provider_id":{"type":"string","description_kind":"plain","optional":true},"name":{"type":"string","description_kind":"plain","optional":true},"teams":{"type":["list","string"],"description_kind":"plain","optional":true}},"description_kind":"plain"}},"gsuite":{"nesting_mode":"list","block":{"attributes":{"email":{"type":["list","string"],"description_kind":"plain","optional":true},"identity_provider_id":{"type":"string","description_kind":"plain","optional":true}},"description_kind":"plain"}},"okta":{"nesting_mode":"list","block":{"attributes":{"identity_provider_id":{"type":"string","description_kind":"plain","optional":true},"name":{"type":["list","string"],"description_kind":"plain","optional":true}},"description_kind":"plain"}},"saml":{"nesting_mode":"list","block":{"attributes":{"attribute_name":{"type":"string","description_kind":"plain","optional":true},"attribute_value":{"type":"string","description_kind":"plain","optional":true},"identity_provider_id":{"type":"string","description_kind":"plain","optional":true}},"description_kind":"plain"}}},"description":"A series of access conditions, see [Access Groups](https://registry.terraform.io/providers/cloudflare/cloudflare/latest/docs/resources/access_group#conditions).","description_kind":"markdown"}}},"description":"Provides a Cloudflare Access Policy resource. Access Policies are used in conjunction with Access Applications to restrict access to a particular resource.","description_kind":"markdown"}},"cloudflare_access_rule":{"version":1,"block":{"attributes":{"id":{"type":"string","description_kind":"plain","optional":true,"computed":true},"mode":{"type":"string","description":"The action to apply to a matched request. Available values: `block`, `challenge`, `whitelist`, `js_challenge`, `managed_challenge`.","description_kind":"markdown","required":true},"notes":{"type":"string","description":"A personal note about the rule. Typically used as a reminder or explanation for the rule.","description_kind":"markdown","optional":true},"zone_id":{"type":"string","description":"The zone identifier to target for the resource.","description_kind":"markdown","optional":true,"computed":true}},"block_types":{"configuration":{"nesting_mode":"list","block":{"attributes":{"target":{"type":"string","description":"The request property to target. Available values: `ip`, `ip6`, `ip_range`, `asn`, `country`.","description_kind":"markdown","required":true},"value":{"type":"string","description":"The value to target. Depends on target's type.","description_kind":"markdown","required":true}},"description":"Rule configuration to apply to a matched request.","description_kind":"markdown"},"min_items":1,"max_items":1}},"description":"Provides a Cloudflare IP Firewall Access Rule resource. Access control can be applied on basis of IP addresses, IP ranges, AS numbers or countries.","description_kind":"markdown"}},"cloudflare_access_service_token":{"version":0,"block":{"attributes":{"account_id":{"type":"string","description":"The account identifier to target for the resource. Conflicts with `zone_id`.","description_kind":"markdown","optional":true},"client_id":{"type":"string","description":"UUID client ID associated with the Service Token.","description_kind":"markdown","computed":true},"client_secret":{"type":"string","description":"A secret for interacting with Access protocols.","description_kind":"markdown","computed":true,"sensitive":true},"expires_at":{"type":"string","description":"Date when the token expires.","description_kind":"markdown","computed":true},"id":{"type":"string","description_kind":"plain","optional":true,"computed":true},"min_days_for_renewal":{"type":"number","description":"Regenerates the token if terraform is run within the specified amount of days before expiration. Defaults to `0`.","description_kind":"markdown","optional":true},"name":{"type":"string","description":"Friendly name of the token's intent.","description_kind":"markdown","required":true},"zone_id":{"type":"string","description":"The zone identifier to target for the resource. Conflicts with `account_id`.","description_kind":"markdown","optional":true}},"description":"Access Service Tokens are used for service-to-service communication when an application is behind Cloudflare Access.","description_kind":"markdown"}},"cloudflare_account_member":{"version":0,"block":{"attributes":{"email_address":{"type":"string","description":"The email address of the user who you wish to manage. Following creation, this field becomes read only via the API and cannot be updated.","description_kind":"markdown","required":true},"id":{"type":"string","description_kind":"plain","optional":true,"computed":true},"role_ids":{"type":["set","string"],"description":"List of account role IDs that you want to assign to a member.","description_kind":"markdown","required":true}},"description":"Provides a resource which manages Cloudflare account members.","description_kind":"markdown"}},"cloudflare_api_token":{"version":0,"block":{"attributes":{"id":{"type":"string","description_kind":"plain","optional":true,"computed":true},"issued_on":{"type":"string","description":"Timestamp of when the token was issued.","description_kind":"markdown","computed":true},"modified_on":{"type":"string","description":"Timestamp of when the token was last modified.","description_kind":"markdown","computed":true},"name":{"type":"string","description":"Name of the API Token.","description_kind":"markdown","required":true},"status":{"type":"string","description_kind":"plain","computed":true},"value":{"type":"string","description":"The value of the API Token.","description_kind":"markdown","computed":true,"sensitive":true}},"block_types":{"condition":{"nesting_mode":"list","block":{"block_types":{"request_ip":{"nesting_mode":"list","block":{"attributes":{"in":{"type":["set","string"],"description":"List of IP addresses or CIDR notation where the token may be used from. If not specified, the token will be valid for all IP addresses.","description_kind":"markdown","optional":true},"not_in":{"type":["set","string"],"description":"List of IP addresses or CIDR notation where the token should not be used from.","description_kind":"markdown","optional":true}},"description":"Request IP related conditions.","description_kind":"markdown"},"max_items":1}},"description":"Conditions under which the token should be considered valid.","description_kind":"markdown"},"max_items":1},"policy":{"nesting_mode":"set","block":{"attributes":{"effect":{"type":"string","description":"Effect of the policy. Available values: `allow`, `deny`. Defaults to `allow`.","description_kind":"markdown","optional":true},"permission_groups":{"type":["set","string"],"description":"List of permissions groups IDs. See [documentation](https://developers.cloudflare.com/api/tokens/create/permissions) for more information.","description_kind":"markdown","required":true},"resources":{"type":["map","string"],"description":"Describes what operations against which resources are allowed or denied.","description_kind":"markdown","required":true}},"description":"Permissions policy. Multiple policy blocks can be defined.","description_kind":"markdown"},"min_items":1}},"description":"\nProvides a resource which manages Cloudflare API tokens.\n\nRead more about permission groups and their applicable scopes in the [developer documentation](https://developers.cloudflare.com/api/tokens/create/permissions).\n\t\t","description_kind":"markdown"}},"cloudflare_argo":{"version":0,"block":{"attributes":{"id":{"type":"string","description_kind":"plain","optional":true,"computed":true},"smart_routing":{"type":"string","description":"Whether smart routing is enabled. Available values: `on`, `off`.","description_kind":"markdown","optional":true},"tiered_caching":{"type":"string","description":"Whether tiered caching is enabled. Available values: `on`, `off`.","description_kind":"markdown","optional":true},"zone_id":{"type":"string","description":"The zone identifier to target for the resource.","description_kind":"markdown","required":true}},"description":"Cloudflare Argo controls the routing to your origin and tiered caching options to speed up your website browsing experience.","description_kind":"markdown"}},"cloudflare_argo_tunnel":{"version":0,"block":{"attributes":{"account_id":{"type":"string","description":"The account identifier to target for the resource.","description_kind":"markdown","required":true},"cname":{"type":"string","description_kind":"plain","computed":true},"id":{"type":"string","description_kind":"plain","optional":true,"computed":true},"name":{"type":"string","description_kind":"plain","required":true},"secret":{"type":"string","description_kind":"plain","required":true,"sensitive":true},"tunnel_token":{"type":"string","description_kind":"plain","computed":true}},"description_kind":"plain"}},"cloudflare_authenticated_origin_pulls":{"version":0,"block":{"attributes":{"authenticated_origin_pulls_certificate":{"type":"string","description_kind":"plain","optional":true},"enabled":{"type":"bool","description_kind":"plain","required":true},"hostname":{"type":"string","description_kind":"plain","optional":true},"id":{"type":"string","description_kind":"plain","optional":true,"computed":true},"zone_id":{"type":"string","description":"The zone identifier to target for the resource.","description_kind":"markdown","required":true}},"description_kind":"plain"}},"cloudflare_authenticated_origin_pulls_certificate":{"version":0,"block":{"attributes":{"certificate":{"type":"string","description_kind":"plain","required":true},"expires_on":{"type":"string","description_kind":"plain","computed":true},"id":{"type":"string","description_kind":"plain","optional":true,"computed":true},"issuer":{"type":"string","description_kind":"plain","computed":true},"private_key":{"type":"string","description_kind":"plain","required":true,"sensitive":true},"serial_number":{"type":"string","description_kind":"plain","computed":true},"signature":{"type":"string","description_kind":"plain","computed":true},"status":{"type":"string","description_kind":"plain","computed":true},"type":{"type":"string","description_kind":"plain","required":true},"uploaded_on":{"type":"string","description_kind":"plain","computed":true},"zone_id":{"type":"string","description":"The zone identifier to target for the resource.","description_kind":"markdown","required":true}},"block_types":{"timeouts":{"nesting_mode":"single","block":{"attributes":{"create":{"type":"string","description_kind":"plain","optional":true}},"description_kind":"plain"}}},"description_kind":"plain"}},"cloudflare_byo_ip_prefix":{"version":0,"block":{"attributes":{"account_id":{"type":"string","description":"The account identifier to target for the resource.","description_kind":"markdown","required":true},"advertisement":{"type":"string","description_kind":"plain","optional":true,"computed":true},"description":{"type":"string","description_kind":"plain","optional":true,"computed":true},"id":{"type":"string","description_kind":"plain","optional":true,"computed":true},"prefix_id":{"type":"string","description_kind":"plain","required":true}},"description_kind":"plain"}},"cloudflare_certificate_pack":{"version":0,"block":{"attributes":{"certificate_authority":{"type":"string","description_kind":"plain","optional":true,"computed":true},"cloudflare_branding":{"type":"bool","description_kind":"plain","optional":true},"hosts":{"type":["set","string"],"description_kind":"plain","required":true},"id":{"type":"string","description_kind":"plain","optional":true,"computed":true},"type":{"type":"string","description_kind":"plain","required":true},"validation_method":{"type":"string","description_kind":"plain","optional":true},"validity_days":{"type":"number","description_kind":"plain","optional":true},"wait_for_active_status":{"type":"bool","description":"Defaults to `false`.","description_kind":"markdown","optional":true},"zone_id":{"type":"string","description":"The zone identifier to target for the resource.","description_kind":"markdown","required":true}},"block_types":{"validation_errors":{"nesting_mode":"list","block":{"attributes":{"message":{"type":"string","description_kind":"plain","computed":true}},"description_kind":"plain"}},"validation_records":{"nesting_mode":"list","block":{"attributes":{"cname_name":{"type":"string","description_kind":"plain","optional":true,"computed":true},"cname_target":{"type":"string","description_kind":"plain","optional":true,"computed":true},"emails":{"type":["list","string"],"description_kind":"plain","optional":true,"computed":true},"http_body":{"type":"string","description_kind":"plain","optional":true,"computed":true},"http_url":{"type":"string","description_kind":"plain","optional":true,"computed":true},"txt_name":{"type":"string","description_kind":"plain","optional":true,"computed":true},"txt_value":{"type":"string","description_kind":"plain","optional":true,"computed":true}},"description_kind":"plain"}}},"description_kind":"plain"}},"cloudflare_custom_hostname":{"version":0,"block":{"attributes":{"custom_origin_server":{"type":"string","description_kind":"plain","optional":true},"custom_origin_sni":{"type":"string","description_kind":"plain","optional":true},"hostname":{"type":"string","description_kind":"plain","required":true},"id":{"type":"string","description_kind":"plain","optional":true,"computed":true},"ownership_verification":{"type":["map","string"],"description_kind":"plain","computed":true},"ownership_verification_http":{"type":["map","string"],"description_kind":"plain","computed":true},"status":{"type":"string","description_kind":"plain","computed":true},"zone_id":{"type":"string","description":"The zone identifier to target for the resource.","description_kind":"markdown","required":true}},"block_types":{"ssl":{"nesting_mode":"list","block":{"attributes":{"certificate_authority":{"type":"string","description_kind":"plain","optional":true,"computed":true},"custom_certificate":{"type":"string","description_kind":"plain","optional":true},"custom_key":{"type":"string","description_kind":"plain","optional":true},"method":{"type":"string","description_kind":"plain","optional":true},"status":{"type":"string","description_kind":"plain","computed":true},"type":{"type":"string","description":"Defaults to `dv`.","description_kind":"markdown","optional":true},"validation_errors":{"type":["list",["object",{"message":"string"}]],"description_kind":"plain","computed":true},"validation_records":{"type":["list",["object",{"cname_name":"string","cname_target":"string","emails":["list","string"],"http_body":"string","http_url":"string","txt_name":"string","txt_value":"string"}]],"description_kind":"plain","computed":true},"wildcard":{"type":"bool","description_kind":"plain","optional":true}},"block_types":{"settings":{"nesting_mode":"list","block":{"attributes":{"ciphers":{"type":["set","string"],"description_kind":"plain","optional":true},"early_hints":{"type":"string","description_kind":"plain","optional":true},"http2":{"type":"string","description_kind":"plain","optional":true},"min_tls_version":{"type":"string","description_kind":"plain","optional":true},"tls13":{"type":"string","description_kind":"plain","optional":true}},"description_kind":"plain"}}},"description_kind":"plain"}}},"description_kind":"plain"}},"cloudflare_custom_hostname_fallback_origin":{"version":0,"block":{"attributes":{"id":{"type":"string","description_kind":"plain","optional":true,"computed":true},"origin":{"type":"string","description_kind":"plain","required":true},"status":{"type":"string","description_kind":"plain","computed":true},"zone_id":{"type":"string","description":"The zone identifier to target for the resource.","description_kind":"markdown","required":true}},"description_kind":"plain"}},"cloudflare_custom_pages":{"version":0,"block":{"attributes":{"account_id":{"type":"string","description":"The account identifier to target for the resource. Conflicts with `zone_id`.","description_kind":"markdown","optional":true},"id":{"type":"string","description_kind":"plain","optional":true,"computed":true},"state":{"type":"string","description_kind":"plain","optional":true},"type":{"type":"string","description_kind":"plain","required":true},"url":{"type":"string","description_kind":"plain","required":true},"zone_id":{"type":"string","description":"The zone identifier to target for the resource. Conflicts with `account_id`.","description_kind":"markdown","optional":true}},"description_kind":"plain"}},"cloudflare_custom_ssl":{"version":1,"block":{"attributes":{"expires_on":{"type":"string","description_kind":"plain","computed":true},"hosts":{"type":["list","string"],"description_kind":"plain","computed":true},"id":{"type":"string","description_kind":"plain","optional":true,"computed":true},"issuer":{"type":"string","description_kind":"plain","computed":true},"modified_on":{"type":"string","description_kind":"plain","computed":true},"priority":{"type":"number","description_kind":"plain","computed":true},"signature":{"type":"string","description_kind":"plain","computed":true},"status":{"type":"string","description_kind":"plain","computed":true},"uploaded_on":{"type":"string","description_kind":"plain","computed":true},"zone_id":{"type":"string","description":"The zone identifier to target for the resource.","description_kind":"markdown","required":true}},"block_types":{"custom_ssl_options":{"nesting_mode":"list","block":{"attributes":{"bundle_method":{"type":"string","description_kind":"plain","optional":true},"certificate":{"type":"string","description_kind":"plain","optional":true},"geo_restrictions":{"type":"string","description_kind":"plain","optional":true},"private_key":{"type":"string","description_kind":"plain","optional":true,"sensitive":true},"type":{"type":"string","description_kind":"plain","optional":true}},"description_kind":"plain"},"max_items":1},"custom_ssl_priority":{"nesting_mode":"list","block":{"attributes":{"id":{"type":"string","description_kind":"plain","optional":true},"priority":{"type":"number","description_kind":"plain","optional":true}},"description_kind":"plain"}}},"description_kind":"plain"}},"cloudflare_device_policy_certificates":{"version":0,"block":{"attributes":{"enabled":{"type":"bool","description_kind":"plain","required":true},"id":{"type":"string","description_kind":"plain","optional":true,"computed":true},"zone_id":{"type":"string","description":"The zone identifier to target for the resource.","description_kind":"markdown","required":true}},"description_kind":"plain"}},"cloudflare_device_posture_integration":{"version":0,"block":{"attributes":{"account_id":{"type":"string","description":"The account identifier to target for the resource.","description_kind":"markdown","required":true},"id":{"type":"string","description_kind":"plain","optional":true,"computed":true},"identifier":{"type":"string","description_kind":"plain","optional":true},"interval":{"type":"string","description_kind":"plain","optional":true},"name":{"type":"string","description_kind":"plain","required":true},"type":{"type":"string","description_kind":"plain","required":true}},"block_types":{"config":{"nesting_mode":"list","block":{"attributes":{"api_url":{"type":"string","description_kind":"plain","optional":true},"auth_url":{"type":"string","description_kind":"plain","optional":true},"client_id":{"type":"string","description_kind":"plain","optional":true},"client_key":{"type":"string","description_kind":"plain","optional":true,"sensitive":true},"client_secret":{"type":"string","description_kind":"plain","optional":true,"sensitive":true},"customer_id":{"type":"string","description_kind":"plain","optional":true}},"description_kind":"plain"}}},"description_kind":"plain"}},"cloudflare_device_posture_rule":{"version":0,"block":{"attributes":{"account_id":{"type":"string","description":"The account identifier to target for the resource.","description_kind":"markdown","required":true},"description":{"type":"string","description_kind":"plain","optional":true},"expiration":{"type":"string","description_kind":"plain","optional":true},"id":{"type":"string","description_kind":"plain","optional":true,"computed":true},"name":{"type":"string","description_kind":"plain","optional":true},"schedule":{"type":"string","description_kind":"plain","optional":true},"type":{"type":"string","description_kind":"plain","required":true}},"block_types":{"input":{"nesting_mode":"list","block":{"attributes":{"compliance_status":{"type":"string","description":"The workspace one device compliance status.","description_kind":"markdown","optional":true},"connection_id":{"type":"string","description":"The workspace one connection id.","description_kind":"markdown","optional":true},"domain":{"type":"string","description":"The domain that the client must join.","description_kind":"markdown","optional":true},"enabled":{"type":"bool","description":"True if the firewall must be enabled.","description_kind":"markdown","optional":true,"computed":true},"exists":{"type":"bool","description":"Checks if the file should exist.","description_kind":"markdown","optional":true,"computed":true},"id":{"type":"string","description":"The Teams List id.","description_kind":"markdown","optional":true},"operator":{"type":"string","description":"The version comparison operator.","description_kind":"markdown","optional":true},"path":{"type":"string","description":"The path to the file.","description_kind":"markdown","optional":true},"require_all":{"type":"bool","description":"True if all drives must be encrypted.","description_kind":"markdown","optional":true,"computed":true},"running":{"type":"bool","description":"Checks if the application should be running.","description_kind":"markdown","optional":true,"computed":true},"sha256":{"type":"string","description":"The sha256 hash of the file.","description_kind":"markdown","optional":true},"thumbprint":{"type":"string","description":"The thumbprint of the file certificate.","description_kind":"markdown","optional":true},"version":{"type":"string","description":"The operating system semantic version.","description_kind":"markdown","optional":true}},"description_kind":"plain"}},"match":{"nesting_mode":"list","block":{"attributes":{"platform":{"type":"string","description_kind":"plain","optional":true}},"description_kind":"plain"}}},"description_kind":"plain"}},"cloudflare_fallback_domain":{"version":0,"block":{"attributes":{"account_id":{"type":"string","description":"The account identifier to target for the resource.","description_kind":"markdown","required":true},"id":{"type":"string","description_kind":"plain","optional":true,"computed":true}},"block_types":{"domains":{"nesting_mode":"list","block":{"attributes":{"description":{"type":"string","description":"A description of the fallback domain, displayed in the client UI.","description_kind":"markdown","optional":true},"dns_server":{"type":["list","string"],"description":"A list of IP addresses to handle domain resolution.","description_kind":"markdown","optional":true},"suffix":{"type":"string","description":"The domain suffix to match when resolving locally.","description_kind":"markdown","optional":true}},"description_kind":"plain"},"min_items":1}},"description_kind":"plain"}},"cloudflare_filter":{"version":0,"block":{"attributes":{"description":{"type":"string","description":"A note that you can use to describe the purpose of the filter.","description_kind":"markdown","optional":true},"expression":{"type":"string","description":"The filter expression to be used.","description_kind":"markdown","required":true},"id":{"type":"string","description_kind":"plain","optional":true,"computed":true},"paused":{"type":"bool","description":"Whether this filter is currently paused.","description_kind":"markdown","optional":true},"ref":{"type":"string","description":"Short reference tag to quickly select related rules.","description_kind":"markdown","optional":true},"zone_id":{"type":"string","description":"The zone identifier to target for the resource.","description_kind":"markdown","required":true}},"description":"Filter expressions that can be referenced across multiple features, e.g. Firewall Rules. See [what is a filter](https://developers.cloudflare.com/firewall/api/cf-filters/what-is-a-filter/) for more details and available fields and operators.","description_kind":"markdown"}},"cloudflare_firewall_rule":{"version":0,"block":{"attributes":{"action":{"type":"string","description":"The action to apply to a matched request. Available values: `block`, `challenge`, `allow`, `js_challenge`, `managed_challenge`, `log`, `bypass`.","description_kind":"markdown","required":true},"description":{"type":"string","description":"A description of the rule to help identify it.","description_kind":"markdown","optional":true},"filter_id":{"type":"string","description":"The identifier of the Filter to use for determining if the Firewall Rule should be triggered.","description_kind":"markdown","required":true},"id":{"type":"string","description_kind":"plain","optional":true,"computed":true},"paused":{"type":"bool","description":"Whether this filter based firewall rule is currently paused.","description_kind":"markdown","optional":true},"priority":{"type":"number","description":"The priority of the rule to allow control of processing order. A lower number indicates high priority. If not provided, any rules with a priority will be sequenced before those without.","description_kind":"markdown","optional":true},"products":{"type":["set","string"],"description":"List of products to bypass for a request when the bypass action is used. Available values: `zoneLockdown`, `uaBlock`, `bic`, `hot`, `securityLevel`, `rateLimit`, `waf`.","description_kind":"markdown","optional":true},"zone_id":{"type":"string","description":"The zone identifier to target for the resource.","description_kind":"markdown","required":true}},"description":"\nDefine Firewall rules using filter expressions for more control over how traffic is matched to the rule.\nA filter expression permits selecting traffic by multiple criteria allowing greater freedom in rule creation.\n\nFilter expressions needs to be created first before using Firewall Rule.\n\t\t","description_kind":"markdown"}},"cloudflare_gre_tunnel":{"version":0,"block":{"attributes":{"account_id":{"type":"string","description":"The account identifier to target for the resource.","description_kind":"markdown","optional":true},"cloudflare_gre_endpoint":{"type":"string","description_kind":"plain","required":true},"customer_gre_endpoint":{"type":"string","description_kind":"plain","required":true},"description":{"type":"string","description_kind":"plain","optional":true},"health_check_enabled":{"type":"bool","description_kind":"plain","optional":true,"computed":true},"health_check_target":{"type":"string","description_kind":"plain","optional":true,"computed":true},"health_check_type":{"type":"string","description_kind":"plain","optional":true,"computed":true},"id":{"type":"string","description_kind":"plain","optional":true,"computed":true},"interface_address":{"type":"string","description_kind":"plain","required":true},"mtu":{"type":"number","description_kind":"plain","optional":true,"computed":true},"name":{"type":"string","description_kind":"plain","required":true},"ttl":{"type":"number","description_kind":"plain","optional":true,"computed":true}},"description_kind":"plain"}},"cloudflare_healthcheck":{"version":0,"block":{"attributes":{"address":{"type":"string","description":"The hostname or IP address of the origin server to run health checks on.","description_kind":"markdown","required":true},"allow_insecure":{"type":"bool","description":"Do not validate the certificate when the health check uses HTTPS. Defaults to `false`.","description_kind":"markdown","optional":true},"check_regions":{"type":["list","string"],"description":"A list of regions from which to run health checks. If not set, Cloudflare will pick a default region. Available values: `WNAM`, `ENAM`, `WEU`, `EEU`, `NSAM`, `SSAM`, `OC`, `ME`, `NAF`, `SAF`, `IN`, `SEAS`, `NEAS`, `ALL_REGIONS`.","description_kind":"markdown","optional":true,"computed":true},"consecutive_fails":{"type":"number","description":"The number of consecutive fails required from a health check before changing the health to unhealthy. Defaults to `1`.","description_kind":"markdown","optional":true},"consecutive_successes":{"type":"number","description":"The number of consecutive successes required from a health check before changing the health to healthy. Defaults to `1`.","description_kind":"markdown","optional":true},"created_on":{"type":"string","description":"Creation time.","description_kind":"markdown","computed":true},"description":{"type":"string","description":"A human-readable description of the health check.","description_kind":"markdown","optional":true},"expected_body":{"type":"string","description":"A case-insensitive sub-string to look for in the response body. If this string is not found the origin will be marked as unhealthy.","description_kind":"markdown","optional":true},"expected_codes":{"type":["list","string"],"description":"The expected HTTP response codes (e.g. '200') or code ranges (e.g. '2xx' for all codes starting with 2) of the health check.","description_kind":"markdown","optional":true},"follow_redirects":{"type":"bool","description":"Follow redirects if the origin returns a 3xx status code. Defaults to `false`.","description_kind":"markdown","optional":true},"id":{"type":"string","description_kind":"plain","optional":true,"computed":true},"interval":{"type":"number","description":"The interval between each health check. Shorter intervals may give quicker notifications if the origin status changes, but will increase the load on the origin as we check from multiple locations. Defaults to `60`.","description_kind":"markdown","optional":true},"method":{"type":"string","description":"The HTTP method to use for the health check. Available values: `connection_established`, `GET`, `HEAD`.","description_kind":"markdown","optional":true,"computed":true},"modified_on":{"type":"string","description":"Last modified time.","description_kind":"markdown","computed":true},"name":{"type":"string","description":"A short name to identify the health check. Only alphanumeric characters, hyphens, and underscores are allowed.","description_kind":"markdown","required":true},"notification_email_addresses":{"type":["list","string"],"description":"A list of email addresses we want to send the notifications to. Deprecated, use cloudflare_notification_policy instead.","description_kind":"markdown","deprecated":true,"optional":true},"notification_suspended":{"type":"bool","description":"Whether the notifications are suspended or not. Useful for maintenance periods. Defaults to `false`.","description_kind":"markdown","deprecated":true,"optional":true},"path":{"type":"string","description":"The endpoint path to health check against. Defaults to `/`.","description_kind":"markdown","optional":true},"port":{"type":"number","description":"Port number to connect to for the health check. Defaults to `80`.","description_kind":"markdown","optional":true},"retries":{"type":"number","description":"The number of retries to attempt in case of a timeout before marking the origin as unhealthy. Retries are attempted immediately. Defaults to `2`.","description_kind":"markdown","optional":true},"suspended":{"type":"bool","description":"If suspended, no health checks are sent to the origin. Defaults to `false`.","description_kind":"markdown","optional":true},"timeout":{"type":"number","description":"The timeout (in seconds) before marking the health check as failed. Defaults to `5`.","description_kind":"markdown","optional":true},"type":{"type":"string","description":"The protocol to use for the health check. Available values: `TCP`, `HTTP`, `HTTPS`.","description_kind":"markdown","required":true},"zone_id":{"type":"string","description":"The zone identifier to target for the resource.","description_kind":"markdown","required":true}},"block_types":{"header":{"nesting_mode":"set","block":{"attributes":{"header":{"type":"string","description":"The header name.","description_kind":"markdown","required":true},"values":{"type":["set","string"],"description":"A list of string values for the header.","description_kind":"markdown","required":true}},"description":"The HTTP request headers to send in the health check. It is recommended you set a Host header by default. The User-Agent header cannot be overridden.","description_kind":"markdown"}},"timeouts":{"nesting_mode":"single","block":{"attributes":{"create":{"type":"string","description_kind":"plain","optional":true}},"description_kind":"plain"}}},"description":"Standalone Health Checks provide a way to monitor origin servers without needing a Cloudflare Load Balancer.","description_kind":"markdown"}},"cloudflare_ip_list":{"version":0,"block":{"attributes":{"account_id":{"type":"string","description":"The account identifier to target for the resource.","description_kind":"markdown","required":true},"description":{"type":"string","description_kind":"plain","optional":true},"id":{"type":"string","description_kind":"plain","optional":true,"computed":true},"kind":{"type":"string","description_kind":"plain","required":true},"name":{"type":"string","description_kind":"plain","required":true}},"block_types":{"item":{"nesting_mode":"set","block":{"attributes":{"comment":{"type":"string","description_kind":"plain","optional":true},"value":{"type":"string","description_kind":"plain","required":true}},"description_kind":"plain"}}},"description_kind":"plain","deprecated":true}},"cloudflare_ipsec_tunnel":{"version":0,"block":{"attributes":{"account_id":{"type":"string","description":"The account identifier to target for the resource.","description_kind":"markdown","optional":true},"allow_null_cipher":{"type":"bool","description":"Specifies if this tunnel may use a null cipher (ENCR_NULL) in Phase 2. Defaults to `false`.","description_kind":"markdown","optional":true},"cloudflare_endpoint":{"type":"string","description":"IP address assigned to the Cloudflare side of the IPsec tunnel.","description_kind":"markdown","required":true},"customer_endpoint":{"type":"string","description":"IP address assigned to the customer side of the IPsec tunnel.","description_kind":"markdown","required":true},"description":{"type":"string","description":"An optional description of the IPsec tunnel.","description_kind":"markdown","optional":true},"fqdn_id":{"type":"string","description":"`remote_id` in the form of a fqdn. This value is generated by cloudflare.","description_kind":"markdown","optional":true,"computed":true},"health_check_enabled":{"type":"bool","description":"Specifies if ICMP tunnel health checks are enabled. Default: `true`.","description_kind":"markdown","optional":true,"computed":true},"health_check_target":{"type":"string","description":"The IP address of the customer endpoint that will receive tunnel health checks. Default: `\u003ccustomer_gre_endpoint\u003e`.","description_kind":"markdown","optional":true,"computed":true},"health_check_type":{"type":"string","description":"Specifies the ICMP echo type for the health check (`request` or `reply`). Available values: `request`, `reply` Default: `reply`.","description_kind":"markdown","optional":true,"computed":true},"hex_id":{"type":"string","description":"`remote_id` as a hex string. This value is generated by cloudflare.","description_kind":"markdown","optional":true,"computed":true},"id":{"type":"string","description_kind":"plain","optional":true,"computed":true},"interface_address":{"type":"string","description":"31-bit prefix (/31 in CIDR notation) supporting 2 hosts, one for each side of the tunnel.","description_kind":"markdown","required":true},"name":{"type":"string","description":"Name of the IPsec tunnel.","description_kind":"markdown","required":true},"psk":{"type":"string","description":"Pre shared key to be used with the IPsec tunnel. If left unset, it will be autogenerated.","description_kind":"markdown","optional":true,"computed":true,"sensitive":true},"remote_id":{"type":"string","description":"ID to be used while setting up the IPsec tunnel. This value is generated by cloudflare.","description_kind":"markdown","optional":true,"computed":true},"user_id":{"type":"string","description":"`remote_id` in the form of an email address. This value is generated by cloudflare.","description_kind":"markdown","optional":true,"computed":true}},"description":"Provides a resource, that manages IPsec tunnels for Magic Transit.","description_kind":"markdown"}},"cloudflare_list":{"version":0,"block":{"attributes":{"account_id":{"type":"string","description":"The account identifier to target for the resource.","description_kind":"markdown","required":true},"description":{"type":"string","description":"An optional description of the list.","description_kind":"markdown","optional":true},"id":{"type":"string","description_kind":"plain","optional":true,"computed":true},"kind":{"type":"string","description":"The type of items the list will contain.","description_kind":"markdown","required":true},"name":{"type":"string","description":"The name of the list.","description_kind":"markdown","required":true}},"block_types":{"item":{"nesting_mode":"list","block":{"attributes":{"comment":{"type":"string","description":"An optional comment for the item.","description_kind":"markdown","optional":true}},"block_types":{"value":{"nesting_mode":"list","block":{"attributes":{"ip":{"type":"string","description_kind":"plain","optional":true}},"block_types":{"redirect":{"nesting_mode":"list","block":{"attributes":{"include_subdomains":{"type":"string","description":"Whether the redirect also matches subdomains of the source url. Available values: `disabled`, `enabled`.","description_kind":"markdown","optional":true},"preserve_path_suffix":{"type":"string","description":"Whether to preserve the path suffix when doing subpath matching. Available values: `disabled`, `enabled`.","description_kind":"markdown","optional":true},"preserve_query_string":{"type":"string","description":"Whether the redirect target url should keep the query string of the request's url. Available values: `disabled`, `enabled`.","description_kind":"markdown","optional":true},"source_url":{"type":"string","description":"The source url of the redirect.","description_kind":"markdown","required":true},"status_code":{"type":"number","description":"The status code to be used when redirecting a request.","description_kind":"markdown","optional":true},"subpath_matching":{"type":"string","description":"Whether the redirect also matches subpaths of the source url. Available values: `disabled`, `enabled`.","description_kind":"markdown","optional":true},"target_url":{"type":"string","description":"The target url of the redirect.","description_kind":"markdown","required":true}},"description_kind":"plain"}}},"description_kind":"plain"},"min_items":1,"max_items":1}},"description_kind":"plain"}}},"description":"Provides Lists (IPs, Redirects) to be used in Edge Rules Engine across all zones within the same account.","description_kind":"markdown"}},"cloudflare_load_balancer":{"version":1,"block":{"attributes":{"created_on":{"type":"string","description_kind":"plain","computed":true},"default_pool_ids":{"type":["list","string"],"description_kind":"plain","required":true},"description":{"type":"string","description_kind":"plain","optional":true},"enabled":{"type":"bool","description":"Defaults to `true`.","description_kind":"markdown","optional":true},"fallback_pool_id":{"type":"string","description_kind":"plain","required":true},"id":{"type":"string","description_kind":"plain","optional":true,"computed":true},"modified_on":{"type":"string","description_kind":"plain","computed":true},"name":{"type":"string","description_kind":"plain","required":true},"proxied":{"type":"bool","description":"Defaults to `false`. Conflicts with `ttl`.","description_kind":"markdown","optional":true},"session_affinity":{"type":"string","description":"Defaults to `none`.","description_kind":"markdown","optional":true},"session_affinity_attributes":{"type":["map","string"],"description_kind":"plain","optional":true},"session_affinity_ttl":{"type":"number","description_kind":"plain","optional":true},"steering_policy":{"type":"string","description_kind":"plain","optional":true,"computed":true},"ttl":{"type":"number","description":"Conflicts with `proxied`.","description_kind":"markdown","optional":true,"computed":true},"zone_id":{"type":"string","description":"The zone identifier to target for the resource.","description_kind":"markdown","required":true}},"block_types":{"pop_pools":{"nesting_mode":"set","block":{"attributes":{"pool_ids":{"type":["list","string"],"description_kind":"plain","required":true},"pop":{"type":"string","description_kind":"plain","required":true}},"description_kind":"plain"}},"region_pools":{"nesting_mode":"set","block":{"attributes":{"pool_ids":{"type":["list","string"],"description_kind":"plain","required":true},"region":{"type":"string","description_kind":"plain","required":true}},"description_kind":"plain"}},"rules":{"nesting_mode":"list","block":{"attributes":{"condition":{"type":"string","description_kind":"plain","optional":true},"disabled":{"type":"bool","description_kind":"plain","optional":true},"name":{"type":"string","description_kind":"plain","required":true},"priority":{"type":"number","description_kind":"plain","optional":true,"computed":true},"terminates":{"type":"bool","description_kind":"plain","optional":true,"computed":true}},"block_types":{"fixed_response":{"nesting_mode":"list","block":{"attributes":{"content_type":{"type":"string","description_kind":"plain","optional":true},"location":{"type":"string","description_kind":"plain","optional":true},"message_body":{"type":"string","description_kind":"plain","optional":true},"status_code":{"type":"number","description_kind":"plain","optional":true}},"description_kind":"plain"},"max_items":1},"overrides":{"nesting_mode":"list","block":{"attributes":{"default_pools":{"type":["list","string"],"description_kind":"plain","optional":true},"fallback_pool":{"type":"string","description_kind":"plain","optional":true},"session_affinity":{"type":"string","description_kind":"plain","optional":true},"session_affinity_attributes":{"type":["map","string"],"description_kind":"plain","optional":true},"session_affinity_ttl":{"type":"number","description_kind":"plain","optional":true},"steering_policy":{"type":"string","description_kind":"plain","optional":true},"ttl":{"type":"number","description_kind":"plain","optional":true}},"block_types":{"pop_pools":{"nesting_mode":"set","block":{"attributes":{"pool_ids":{"type":["list","string"],"description_kind":"plain","required":true},"pop":{"type":"string","description_kind":"plain","required":true}},"description_kind":"plain"}},"region_pools":{"nesting_mode":"set","block":{"attributes":{"pool_ids":{"type":["list","string"],"description_kind":"plain","required":true},"region":{"type":"string","description_kind":"plain","required":true}},"description_kind":"plain"}}},"description_kind":"plain"}}},"description_kind":"plain"}}},"description_kind":"plain"}},"cloudflare_load_balancer_monitor":{"version":0,"block":{"attributes":{"allow_insecure":{"type":"bool","description_kind":"plain","optional":true},"created_on":{"type":"string","description_kind":"plain","computed":true},"description":{"type":"string","description_kind":"plain","optional":true},"expected_body":{"type":"string","description_kind":"plain","optional":true},"expected_codes":{"type":"string","description_kind":"plain","optional":true},"follow_redirects":{"type":"bool","description_kind":"plain","optional":true},"id":{"type":"string","description_kind":"plain","optional":true,"computed":true},"interval":{"type":"number","description":"Defaults to `60`.","description_kind":"markdown","optional":true},"method":{"type":"string","description_kind":"plain","optional":true,"computed":true},"modified_on":{"type":"string","description_kind":"plain","computed":true},"path":{"type":"string","description_kind":"plain","optional":true,"computed":true},"port":{"type":"number","description_kind":"plain","optional":true},"probe_zone":{"type":"string","description_kind":"plain","optional":true},"retries":{"type":"number","description":"Defaults to `2`.","description_kind":"markdown","optional":true},"timeout":{"type":"number","description":"Defaults to `5`.","description_kind":"markdown","optional":true},"type":{"type":"string","description":"Defaults to `http`.","description_kind":"markdown","optional":true}},"block_types":{"header":{"nesting_mode":"set","block":{"attributes":{"header":{"type":"string","description_kind":"plain","required":true},"values":{"type":["set","string"],"description_kind":"plain","required":true}},"description_kind":"plain"}}},"description_kind":"plain"}},"cloudflare_load_balancer_pool":{"version":0,"block":{"attributes":{"check_regions":{"type":["set","string"],"description_kind":"plain","optional":true,"computed":true},"created_on":{"type":"string","description_kind":"plain","computed":true},"description":{"type":"string","description_kind":"plain","optional":true},"enabled":{"type":"bool","description":"Defaults to `true`.","description_kind":"markdown","optional":true},"id":{"type":"string","description_kind":"plain","optional":true,"computed":true},"latitude":{"type":"number","description_kind":"plain","optional":true},"longitude":{"type":"number","description_kind":"plain","optional":true},"minimum_origins":{"type":"number","description":"Defaults to `1`.","description_kind":"markdown","optional":true},"modified_on":{"type":"string","description_kind":"plain","computed":true},"monitor":{"type":"string","description_kind":"plain","optional":true},"name":{"type":"string","description_kind":"plain","required":true},"notification_email":{"type":"string","description_kind":"plain","optional":true}},"block_types":{"load_shedding":{"nesting_mode":"set","block":{"attributes":{"default_percent":{"type":"number","description":"Defaults to `0`.","description_kind":"markdown","optional":true},"default_policy":{"type":"string","description":"Defaults to `\"\"`.","description_kind":"markdown","optional":true},"session_percent":{"type":"number","description":"Defaults to `0`.","description_kind":"markdown","optional":true},"session_policy":{"type":"string","description":"Defaults to `\"\"`.","description_kind":"markdown","optional":true}},"description_kind":"plain"}},"origin_steering":{"nesting_mode":"set","block":{"attributes":{"policy":{"type":"string","description":"Defaults to `random`.","description_kind":"markdown","optional":true}},"description_kind":"plain"}},"origins":{"nesting_mode":"set","block":{"attributes":{"address":{"type":"string","description_kind":"plain","required":true},"enabled":{"type":"bool","description":"Defaults to `true`.","description_kind":"markdown","optional":true},"name":{"type":"string","description_kind":"plain","required":true},"weight":{"type":"number","description":"Defaults to `1`.","description_kind":"markdown","optional":true}},"block_types":{"header":{"nesting_mode":"set","block":{"attributes":{"header":{"type":"string","description_kind":"plain","required":true},"values":{"type":["set","string"],"description_kind":"plain","required":true}},"description_kind":"plain"}}},"description_kind":"plain"},"min_items":1}},"description_kind":"plain"}},"cloudflare_logpull_retention":{"version":0,"block":{"attributes":{"enabled":{"type":"bool","description_kind":"plain","required":true},"id":{"type":"string","description_kind":"plain","optional":true,"computed":true},"zone_id":{"type":"string","description":"The zone identifier to target for the resource.","description_kind":"markdown","required":true}},"description_kind":"plain"}},"cloudflare_logpush_job":{"version":0,"block":{"attributes":{"account_id":{"type":"string","description":"The account identifier to target for the resource.","description_kind":"markdown","optional":true},"dataset":{"type":"string","description":"Uniquely identifies a resource (such as an s3 bucket) where data will be pushed. Additional configuration parameters supported by the destination may be included. See [Logpush destination documentation](https://developers.cloudflare.com/logs/reference/logpush-api-configuration#destination). Available values: `firewall_events`, `http_requests`, `spectrum_events`, `nel_reports`, `audit_logs`, `gateway_dns`, `gateway_http`, `gateway_network`, `dns_logs`, `network_analytics_logs`.","description_kind":"markdown","required":true},"destination_conf":{"type":"string","description":"Uniquely identifies a resource (such as an s3 bucket) where data will be pushed. Additional configuration parameters supported by the destination may be included. See [Logpush destination documentation](https://developers.cloudflare.com/logs/reference/logpush-api-configuration#destination).","description_kind":"markdown","required":true},"enabled":{"type":"bool","description":"Whether to enable the job.","description_kind":"markdown","optional":true},"filter":{"type":"string","description":"Use filters to select the events to include and/or remove from your logs. For more information, refer to [Filters](https://developers.cloudflare.com/logs/reference/logpush-api-configuration/filters/).","description_kind":"markdown","optional":true},"frequency":{"type":"string","description":"A higher frequency will result in logs being pushed on faster with smaller files. `low` frequency will push logs less often with larger files. Available values: `high`, `low`. Defaults to `high`.","description_kind":"markdown","optional":true},"id":{"type":"string","description_kind":"plain","optional":true,"computed":true},"kind":{"type":"string","description":"The kind of logpush job to create. Available values: `edge`, `instant-logs`, `\"\"`.","description_kind":"markdown","optional":true},"logpull_options":{"type":"string","description":"Configuration string for the Logshare API. It specifies things like requested fields and timestamp formats. See [Logpull options documentation](https://developers.cloudflare.com/logs/logpush/logpush-configuration-api/understanding-logpush-api/#options).","description_kind":"markdown","optional":true},"name":{"type":"string","description":"The name of the logpush job to create.","description_kind":"markdown","optional":true},"ownership_challenge":{"type":"string","description":"Ownership challenge token to prove destination ownership, required when destination is Amazon S3, Google Cloud Storage, Microsoft Azure or Sumo Logic. See [Developer documentation](https://developers.cloudflare.com/logs/logpush/logpush-configuration-api/understanding-logpush-api/#usage).","description_kind":"markdown","optional":true},"zone_id":{"type":"string","description":"The zone identifier to target for the resource.","description_kind":"markdown","optional":true}},"description":"\n\t\tProvides a resource which manages Cloudflare Logpush jobs. For Logpush jobs pushing to Amazon S3, Google Cloud Storage,\nMicrosoft Azure or Sumo Logic, this resource cannot be automatically created. In order to have this automated, you must\nhave:\n\n- `cloudflare_logpush_ownership_challenge`: Configured to generate the challenge\n  to confirm ownership of the destination.\n- Either manual inspection or another Terraform Provider to get the contents of\n  the `ownership_challenge_filename` value from the`cloudflare_logpush_ownership_challenge` resource.\n- `cloudflare_logpush_job`: Create and manage the Logpush Job itself.","description_kind":"markdown"}},"cloudflare_logpush_ownership_challenge":{"version":0,"block":{"attributes":{"account_id":{"type":"string","description":"The account identifier to target for the resource.","description_kind":"markdown","optional":true},"destination_conf":{"type":"string","description_kind":"plain","required":true},"id":{"type":"string","description_kind":"plain","optional":true,"computed":true},"ownership_challenge_filename":{"type":"string","description_kind":"plain","computed":true},"zone_id":{"type":"string","description":"The zone identifier to target for the resource.","description_kind":"markdown","optional":true}},"description_kind":"plain"}},"cloudflare_magic_firewall_ruleset":{"version":0,"block":{"attributes":{"account_id":{"type":"string","description":"The account identifier to target for the resource.","description_kind":"markdown","required":true},"description":{"type":"string","description_kind":"plain","optional":true},"id":{"type":"string","description_kind":"plain","optional":true,"computed":true},"name":{"type":"string","description_kind":"plain","required":true},"rules":{"type":["list",["map","string"]],"description_kind":"plain","optional":true}},"description_kind":"plain"}},"cloudflare_managed_headers":{"version":0,"block":{"attributes":{"id":{"type":"string","description_kind":"plain","optional":true,"computed":true},"zone_id":{"type":"string","description":"The zone identifier to target for the resource.","description_kind":"markdown","required":true}},"block_types":{"managed_request_headers":{"nesting_mode":"set","block":{"attributes":{"enabled":{"type":"bool","description":"Whether the headers rule is active.","description_kind":"markdown","required":true},"id":{"type":"string","description":"Unique headers rule identifier.","description_kind":"markdown","required":true}},"description":"The list of managed request headers.","description_kind":"markdown"}},"managed_response_headers":{"nesting_mode":"set","block":{"attributes":{"enabled":{"type":"bool","description":"Whether the headers rule is active.","description_kind":"markdown","required":true},"id":{"type":"string","description":"Unique headers rule identifier.","description_kind":"markdown","required":true}},"description":"The list of managed response headers.","description_kind":"markdown"}}},"description":"\nThe [Cloudflare Managed Headers](https://developers.cloudflare.com/rules/transform/managed-transforms/)\nallows you to add or remove some predefined headers to one's requests or origin responses.","description_kind":"markdown"}},"cloudflare_notification_policy":{"version":0,"block":{"attributes":{"account_id":{"type":"string","description":"The account identifier to target for the resource.","description_kind":"markdown","required":true},"alert_type":{"type":"string","description":"The event type that will trigger the dispatch of a notification. See the developer documentation for descriptions of [available alert types](https://developers.cloudflare.com/fundamentals/notifications/notification-available/) Available values: `billing_usage_alert`, `health_check_status_notification`, `g6_pool_toggle_alert`, `real_origin_monitoring`, `universal_ssl_event_type`, `bgp_hijack_notification`, `http_alert_origin_error`, `workers_alert`, `weekly_account_overview`.","description_kind":"markdown","required":true},"created":{"type":"string","description":"When the notification policy was created.","description_kind":"markdown","computed":true},"description":{"type":"string","description":"Description of the notification policy.","description_kind":"markdown","optional":true},"enabled":{"type":"bool","description":"The status of the notification policy.","description_kind":"markdown","required":true},"id":{"type":"string","description_kind":"plain","optional":true,"computed":true},"modified":{"type":"string","description":"When the notification policy was last modified.","description_kind":"markdown","computed":true},"name":{"type":"string","description":"The name of the notification policy.","description_kind":"markdown","required":true}},"block_types":{"email_integration":{"nesting_mode":"set","block":{"attributes":{"id":{"type":"string","description_kind":"plain","required":true},"name":{"type":"string","description_kind":"plain","optional":true}},"description":"The email id to which the notification should be dispatched. One of email, webhooks, or PagerDuty mechanisms is required.","description_kind":"markdown"}},"filters":{"nesting_mode":"list","block":{"attributes":{"enabled":{"type":["set","string"],"description":"State of the pool to alert on.","description_kind":"markdown","optional":true},"health_check_id":{"type":["set","string"],"description":"Identifier health check.","description_kind":"markdown","optional":true},"limit":{"type":["set","string"],"description":"A numerical limit. Example: `100`.","description_kind":"markdown","optional":true},"pool_id":{"type":["set","string"],"description":"Load balancer pool identifier.","description_kind":"markdown","optional":true},"product":{"type":["set","string"],"description":"Product name. Available values: `worker_requests`, `worker_durable_objects_requests`, `worker_durable_objects_duration`, `worker_durable_objects_data_transfer`, `worker_durable_objects_stored_data`, `worker_durable_objects_storage_deletes`, `worker_durable_objects_storage_writes`, `worker_durable_objects_storage_reads`.","description_kind":"markdown","optional":true},"services":{"type":["set","string"],"description_kind":"plain","optional":true},"slo":{"type":["set","string"],"description":"A numerical limit. Example: `99.9`.","description_kind":"markdown","optional":true},"status":{"type":["set","string"],"description":"Status to alert on.","description_kind":"markdown","optional":true},"zones":{"type":["set","string"],"description":"A list of zone identifiers.","description_kind":"markdown","optional":true}},"description":"An optional nested block of filters that applies to the selected `alert_type`. A key-value map that specifies the type of filter and the values to match against (refer to the alert type block for available fields).","description_kind":"markdown"},"max_items":1},"pagerduty_integration":{"nesting_mode":"set","block":{"attributes":{"id":{"type":"string","description_kind":"plain","required":true},"name":{"type":"string","description_kind":"plain","optional":true}},"description":"The unique id of a configured pagerduty endpoint to which the notification should be dispatched. One of email, webhooks, or PagerDuty mechanisms is required.","description_kind":"markdown"}},"webhooks_integration":{"nesting_mode":"set","block":{"attributes":{"id":{"type":"string","description_kind":"plain","required":true},"name":{"type":"string","description_kind":"plain","optional":true}},"description":"The unique id of a configured webhooks endpoint to which the notification should be dispatched. One of email, webhooks, or PagerDuty mechanisms is required.","description_kind":"markdown"}}},"description":"Provides a resource, that manages a notification policy for Cloudflare's products. The delivery mechanisms supported are email, webhooks, and PagerDuty.","description_kind":"markdown"}},"cloudflare_notification_policy_webhooks":{"version":0,"block":{"attributes":{"account_id":{"type":"string","description":"The account identifier to target for the resource.","description_kind":"markdown","required":true},"created_at":{"type":"string","description_kind":"plain","computed":true},"id":{"type":"string","description_kind":"plain","optional":true,"computed":true},"last_failure":{"type":"string","description_kind":"plain","computed":true},"last_success":{"type":"string","description_kind":"plain","computed":true},"name":{"type":"string","description_kind":"plain","required":true},"secret":{"type":"string","description_kind":"plain","optional":true},"type":{"type":"string","description_kind":"plain","computed":true},"url":{"type":"string","description_kind":"plain","optional":true}},"description_kind":"plain"}},"cloudflare_origin_ca_certificate":{"version":0,"block":{"attributes":{"certificate":{"type":"string","description_kind":"plain","computed":true},"csr":{"type":"string","description_kind":"plain","optional":true},"expires_on":{"type":"string","description_kind":"plain","computed":true},"hostnames":{"type":["set","string"],"description_kind":"plain","required":true},"id":{"type":"string","description_kind":"plain","optional":true,"computed":true},"request_type":{"type":"string","description_kind":"plain","required":true},"requested_validity":{"type":"number","description_kind":"plain","optional":true,"computed":true}},"description_kind":"plain"}},"cloudflare_page_rule":{"version":0,"block":{"attributes":{"id":{"type":"string","description_kind":"plain","optional":true,"computed":true},"priority":{"type":"number","description":"Defaults to `1`.","description_kind":"markdown","optional":true},"status":{"type":"string","description":"Defaults to `active`.","description_kind":"markdown","optional":true},"target":{"type":"string","description_kind":"plain","required":true},"zone_id":{"type":"string","description":"The zone identifier to target for the resource.","description_kind":"markdown","required":true}},"block_types":{"actions":{"nesting_mode":"list","block":{"attributes":{"always_online":{"type":"string","description_kind":"plain","optional":true},"always_use_https":{"type":"bool","description":"Defaults to `false`.","description_kind":"markdown","optional":true},"automatic_https_rewrites":{"type":"string","description_kind":"plain","optional":true},"browser_cache_ttl":{"type":"string","description_kind":"plain","optional":true},"browser_check":{"type":"string","description_kind":"plain","optional":true},"bypass_cache_on_cookie":{"type":"string","description_kind":"plain","optional":true},"cache_by_device_type":{"type":"string","description_kind":"plain","optional":true},"cache_deception_armor":{"type":"string","description_kind":"plain","optional":true},"cache_level":{"type":"string","description_kind":"plain","optional":true},"cache_on_cookie":{"type":"string","description_kind":"plain","optional":true},"disable_apps":{"type":"bool","description":"Defaults to `false`.","description_kind":"markdown","optional":true},"disable_performance":{"type":"bool","description":"Defaults to `false`.","description_kind":"markdown","optional":true},"disable_railgun":{"type":"bool","description":"Defaults to `false`.","description_kind":"markdown","optional":true},"disable_security":{"type":"bool","description":"Defaults to `false`.","description_kind":"markdown","optional":true},"disable_zaraz":{"type":"bool","description":"Defaults to `false`.","description_kind":"markdown","optional":true},"edge_cache_ttl":{"type":"number","description_kind":"plain","optional":true},"email_obfuscation":{"type":"string","description_kind":"plain","optional":true},"explicit_cache_control":{"type":"string","description_kind":"plain","optional":true},"host_header_override":{"type":"string","description_kind":"plain","optional":true},"ip_geolocation":{"type":"string","description_kind":"plain","optional":true},"mirage":{"type":"string","description_kind":"plain","optional":true},"opportunistic_encryption":{"type":"string","description_kind":"plain","optional":true},"origin_error_page_pass_thru":{"type":"string","description_kind":"plain","optional":true},"polish":{"type":"string","description_kind":"plain","optional":true},"resolve_override":{"type":"string","description_kind":"plain","optional":true},"respect_strong_etag":{"type":"string","description_kind":"plain","optional":true},"response_buffering":{"type":"string","description_kind":"plain","optional":true},"rocket_loader":{"type":"string","description_kind":"plain","optional":true},"security_level":{"type":"string","description_kind":"plain","optional":true},"server_side_exclude":{"type":"string","description_kind":"plain","optional":true},"sort_query_string_for_cache":{"type":"string","description_kind":"plain","optional":true},"ssl":{"type":"string","description_kind":"plain","optional":true},"true_client_ip_header":{"type":"string","description_kind":"plain","optional":true},"waf":{"type":"string","description_kind":"plain","optional":true}},"block_types":{"cache_key_fields":{"nesting_mode":"list","block":{"block_types":{"cookie":{"nesting_mode":"list","block":{"attributes":{"check_presence":{"type":["set","string"],"description_kind":"plain","optional":true,"computed":true},"include":{"type":["set","string"],"description_kind":"plain","optional":true,"computed":true}},"description_kind":"plain"},"min_items":1,"max_items":1},"header":{"nesting_mode":"list","block":{"attributes":{"check_presence":{"type":["set","string"],"description_kind":"plain","optional":true,"computed":true},"exclude":{"type":["set","string"],"description_kind":"plain","optional":true,"computed":true},"include":{"type":["set","string"],"description_kind":"plain","optional":true,"computed":true}},"description_kind":"plain"},"min_items":1,"max_items":1},"host":{"nesting_mode":"list","block":{"attributes":{"resolved":{"type":"bool","description":"Defaults to `false`.","description_kind":"markdown","optional":true}},"description_kind":"plain"},"min_items":1,"max_items":1},"query_string":{"nesting_mode":"list","block":{"attributes":{"exclude":{"type":["set","string"],"description_kind":"plain","optional":true,"computed":true},"ignore":{"type":"bool","description_kind":"plain","optional":true,"computed":true},"include":{"type":["set","string"],"description_kind":"plain","optional":true,"computed":true}},"description_kind":"plain"},"min_items":1,"max_items":1},"user":{"nesting_mode":"list","block":{"attributes":{"device_type":{"type":"bool","description_kind":"plain","optional":true,"computed":true},"geo":{"type":"bool","description_kind":"plain","optional":true,"computed":true},"lang":{"type":"bool","description_kind":"plain","optional":true,"computed":true}},"description_kind":"plain"},"min_items":1,"max_items":1}},"description_kind":"plain"},"max_items":1},"cache_ttl_by_status":{"nesting_mode":"set","block":{"attributes":{"codes":{"type":"string","description_kind":"plain","required":true},"ttl":{"type":"number","description_kind":"plain","required":true}},"description_kind":"plain"}},"forwarding_url":{"nesting_mode":"list","block":{"attributes":{"status_code":{"type":"number","description_kind":"plain","required":true},"url":{"type":"string","description_kind":"plain","required":true}},"description_kind":"plain"},"max_items":1},"minify":{"nesting_mode":"list","block":{"attributes":{"css":{"type":"string","description_kind":"plain","required":true},"html":{"type":"string","description_kind":"plain","required":true},"js":{"type":"string","description_kind":"plain","required":true}},"description_kind":"plain"}}},"description_kind":"plain"},"min_items":1,"max_items":1}},"description_kind":"plain"}},"cloudflare_rate_limit":{"version":0,"block":{"attributes":{"bypass_url_patterns":{"type":["set","string"],"description_kind":"plain","optional":true},"description":{"type":"string","description_kind":"plain","optional":true},"disabled":{"type":"bool","description":"Defaults to `false`.","description_kind":"markdown","optional":true},"id":{"type":"string","description_kind":"plain","optional":true,"computed":true},"period":{"type":"number","description_kind":"plain","required":true},"threshold":{"type":"number","description_kind":"plain","required":true},"zone_id":{"type":"string","description":"The zone identifier to target for the resource.","description_kind":"markdown","required":true}},"block_types":{"action":{"nesting_mode":"list","block":{"attributes":{"mode":{"type":"string","description_kind":"plain","required":true},"timeout":{"type":"number","description_kind":"plain","optional":true}},"block_types":{"response":{"nesting_mode":"list","block":{"attributes":{"body":{"type":"string","description_kind":"plain","required":true},"content_type":{"type":"string","description_kind":"plain","required":true}},"description_kind":"plain"},"max_items":1}},"description_kind":"plain"},"min_items":1,"max_items":1},"correlate":{"nesting_mode":"list","block":{"attributes":{"by":{"type":"string","description_kind":"plain","optional":true}},"description_kind":"plain"},"max_items":1},"match":{"nesting_mode":"list","block":{"block_types":{"request":{"nesting_mode":"list","block":{"attributes":{"methods":{"type":["set","string"],"description_kind":"plain","optional":true,"computed":true},"schemes":{"type":["set","string"],"description_kind":"plain","optional":true,"computed":true},"url_pattern":{"type":"string","description_kind":"plain","optional":true,"computed":true}},"description_kind":"plain"},"max_items":1},"response":{"nesting_mode":"list","block":{"attributes":{"headers":{"type":["list",["map","string"]],"description_kind":"plain","optional":true},"origin_traffic":{"type":"bool","description_kind":"plain","optional":true,"computed":true},"statuses":{"type":["set","number"],"description_kind":"plain","optional":true,"computed":true}},"description_kind":"plain"},"max_items":1}},"description_kind":"plain"},"max_items":1}},"description_kind":"plain"}},"cloudflare_record":{"version":2,"block":{"attributes":{"allow_overwrite":{"type":"bool","description":"Defaults to `false`.","description_kind":"markdown","optional":true},"created_on":{"type":"string","description_kind":"plain","computed":true},"hostname":{"type":"string","description_kind":"plain","computed":true},"id":{"type":"string","description_kind":"plain","optional":true,"computed":true},"metadata":{"type":["map","string"],"description_kind":"plain","computed":true},"modified_on":{"type":"string","description_kind":"plain","computed":true},"name":{"type":"string","description_kind":"plain","required":true},"priority":{"type":"number","description_kind":"plain","optional":true},"proxiable":{"type":"bool","description_kind":"plain","computed":true},"proxied":{"type":"bool","description_kind":"plain","optional":true},"ttl":{"type":"number","description_kind":"plain","optional":true,"computed":true},"type":{"type":"string","description_kind":"plain","required":true},"value":{"type":"string","description":"Conflicts with `data`.","description_kind":"markdown","optional":true,"computed":true},"zone_id":{"type":"string","description":"The zone identifier to target for the resource.","description_kind":"markdown","required":true}},"block_types":{"data":{"nesting_mode":"list","block":{"attributes":{"algorithm":{"type":"number","description_kind":"plain","optional":true},"altitude":{"type":"number","description_kind":"plain","optional":true},"certificate":{"type":"string","description_kind":"plain","optional":true},"content":{"type":"string","description_kind":"plain","optional":true},"digest":{"type":"string","description_kind":"plain","optional":true},"digest_type":{"type":"number","description_kind":"plain","optional":true},"fingerprint":{"type":"string","description_kind":"plain","optional":true},"flags":{"type":"string","description_kind":"plain","optional":true},"key_tag":{"type":"number","description_kind":"plain","optional":true},"lat_degrees":{"type":"number","description_kind":"plain","optional":true},"lat_direction":{"type":"string","description_kind":"plain","optional":true},"lat_minutes":{"type":"number","description_kind":"plain","optional":true},"lat_seconds":{"type":"number","description_kind":"plain","optional":true},"long_degrees":{"type":"number","description_kind":"plain","optional":true},"long_direction":{"type":"string","description_kind":"plain","optional":true},"long_minutes":{"type":"number","description_kind":"plain","optional":true},"long_seconds":{"type":"number","description_kind":"plain","optional":true},"matching_type":{"type":"number","description_kind":"plain","optional":true},"name":{"type":"string","description_kind":"plain","optional":true},"order":{"type":"number","description_kind":"plain","optional":true},"port":{"type":"number","description_kind":"plain","optional":true},"precision_horz":{"type":"number","description_kind":"plain","optional":true},"precision_vert":{"type":"number","description_kind":"plain","optional":true},"preference":{"type":"number","description_kind":"plain","optional":true},"priority":{"type":"number","description_kind":"plain","optional":true},"proto":{"type":"string","description_kind":"plain","optional":true},"protocol":{"type":"number","description_kind":"plain","optional":true},"public_key":{"type":"string","description_kind":"plain","optional":true},"regex":{"type":"string","description_kind":"plain","optional":true},"replacement":{"type":"string","description_kind":"plain","optional":true},"selector":{"type":"number","description_kind":"plain","optional":true},"service":{"type":"string","description_kind":"plain","optional":true},"size":{"type":"number","description_kind":"plain","optional":true},"tag":{"type":"string","description_kind":"plain","optional":true},"target":{"type":"string","description_kind":"plain","optional":true},"type":{"type":"number","description_kind":"plain","optional":true},"usage":{"type":"number","description_kind":"plain","optional":true},"value":{"type":"string","description_kind":"plain","optional":true},"weight":{"type":"number","description_kind":"plain","optional":true}},"description":"Conflicts with `value`.","description_kind":"markdown"},"max_items":1},"timeouts":{"nesting_mode":"single","block":{"attributes":{"create":{"type":"string","description_kind":"plain","optional":true},"update":{"type":"string","description_kind":"plain","optional":true}},"description_kind":"plain"}}},"description_kind":"plain"}},"cloudflare_ruleset":{"version":1,"block":{"attributes":{"account_id":{"type":"string","description":"The account identifier to target for the resource. Conflicts with `zone_id`.","description_kind":"markdown","optional":true},"description":{"type":"string","description":"Brief summary of the ruleset and its intended use.","description_kind":"markdown","optional":true},"id":{"type":"string","description_kind":"plain","optional":true,"computed":true},"kind":{"type":"string","description":"Type of Ruleset to create. Available values: `custom`, `managed`, `root`, `schema`, `zone`.","description_kind":"markdown","required":true},"name":{"type":"string","description":"Name of the ruleset.","description_kind":"markdown","required":true},"phase":{"type":"string","description":"Point in the request/response lifecycle where the ruleset will be created. Available values: `ddos_l4`, `ddos_l7`, `http_log_custom_fields`, `http_request_cache_settings`, `http_request_firewall_custom`, `http_request_firewall_managed`, `http_request_late_transform`, `http_request_late_transform_managed`, `http_request_main`, `http_request_origin`, `http_request_redirect`, `http_request_sanitize`, `http_request_transform`, `http_response_firewall_managed`, `http_response_headers_transform`, `http_response_headers_transform_managed`, `magic_transit`, `http_ratelimit`, `http_request_sbfm`.","description_kind":"markdown","required":true},"shareable_entitlement_name":{"type":"string","description":"Name of entitlement that is shareable between entities.","description_kind":"markdown","optional":true},"zone_id":{"type":"string","description":"The zone identifier to target for the resource. Conflicts with `account_id`.","description_kind":"markdown","optional":true}},"block_types":{"rules":{"nesting_mode":"list","block":{"attributes":{"action":{"type":"string","description":"Action to perform in the ruleset rule. Available values: `block`, `challenge`, `ddos_dynamic`, `execute`, `force_connection_close`, `js_challenge`, `log`, `log_custom_field`, `managed_challenge`, `redirect`, `rewrite`, `route`, `score`, `set_cache_settings`, `skip`.","description_kind":"markdown","optional":true},"description":{"type":"string","description":"Brief summary of the ruleset rule and its intended use.","description_kind":"markdown","optional":true},"enabled":{"type":"bool","description":"Whether the rule is active.","description_kind":"markdown","optional":true},"expression":{"type":"string","description":"Criteria for an HTTP request to trigger the ruleset rule action. Uses the Firewall Rules expression language based on Wireshark display filters. Refer to the [Firewall Rules language](https://developers.cloudflare.com/firewall/cf-firewall-language) documentation for all available fields, operators, and functions.","description_kind":"markdown","required":true},"id":{"type":"string","description":"Unique rule identifier.","description_kind":"markdown","computed":true},"ref":{"type":"string","description":"Rule reference.","description_kind":"markdown","computed":true},"version":{"type":"string","description":"Version of the ruleset to deploy.","description_kind":"markdown","computed":true}},"block_types":{"action_parameters":{"nesting_mode":"list","block":{"attributes":{"bypass_cache":{"type":"bool","description":"Whether to bypass the cache if expression matches.","description_kind":"markdown","optional":true},"cookie_fields":{"type":["set","string"],"description":"List of cookie values to include as part of custom fields logging.","description_kind":"markdown","optional":true},"host_header":{"type":"string","description":"Host Header that request origin receives.","description_kind":"markdown","optional":true},"id":{"type":"string","description":"Identifier of the action parameter to modify.","description_kind":"markdown","optional":true},"increment":{"type":"number","description_kind":"plain","optional":true},"origin_error_page_passthru":{"type":"bool","description":"Pass-through error page for origin.","description_kind":"markdown","optional":true},"phases":{"type":["set","string"],"description":"Point in the request/response lifecycle where the ruleset will be created. Available values: `ddos_l4`, `ddos_l7`, `http_log_custom_fields`, `http_request_cache_settings`, `http_request_firewall_custom`, `http_request_firewall_managed`, `http_request_late_transform`, `http_request_late_transform_managed`, `http_request_main`, `http_request_origin`, `http_request_redirect`, `http_request_sanitize`, `http_request_transform`, `http_response_firewall_managed`, `http_response_headers_transform`, `http_response_headers_transform_managed`, `magic_transit`, `http_ratelimit`, `http_request_sbfm`.","description_kind":"markdown","optional":true},"products":{"type":["set","string"],"description":"Products to target with the actions. Available values: `bic`, `hot`, `ratelimit`, `securityLevel`, `uablock`, `waf`, `zonelockdown`.","description_kind":"markdown","optional":true},"request_fields":{"type":["set","string"],"description":"List of request headers to include as part of custom fields logging, in lowercase.","description_kind":"markdown","optional":true},"respect_strong_etags":{"type":"bool","description":"Respect strong ETags.","description_kind":"markdown","optional":true},"response_fields":{"type":["set","string"],"description":"List of response headers to include as part of custom fields logging, in lowercase.","description_kind":"markdown","optional":true},"rules":{"type":["map","string"],"description":"Map of managed WAF rule ID to comma-delimited string of ruleset rule IDs. Example: `rules = { \"efb7b8c949ac4650a09736fc376e9aee\" = \"5de7edfa648c4d6891dc3e7f84534ffa,e3a567afc347477d9702d9047e97d760\" }`.","description_kind":"markdown","optional":true},"ruleset":{"type":"string","description":"Which ruleset ID to target.","description_kind":"markdown","optional":true},"rulesets":{"type":["set","string"],"description":"List of managed WAF rule IDs to target. Only valid when the `\"action\"` is set to skip.","description_kind":"markdown","optional":true},"version":{"type":"string","description":"Version of the ruleset to deploy.","description_kind":"markdown","optional":true,"computed":true}},"block_types":{"browser_ttl":{"nesting_mode":"list","block":{"attributes":{"default":{"type":"number","description":"Default browser TTL.","description_kind":"markdown","optional":true},"mode":{"type":"string","description":"Mode of the browser TTL.","description_kind":"markdown","required":true}},"description":"List of browser TTL parameters to apply to the request.","description_kind":"markdown"},"max_items":1},"cache_key":{"nesting_mode":"list","block":{"attributes":{"cache_by_device_type":{"type":"bool","description":"Cache by device type. Conflicts with \"custom_key.user.device_type\".","description_kind":"markdown","optional":true},"cache_deception_armor":{"type":"bool","description":"Cache deception armor.","description_kind":"markdown","optional":true},"ignore_query_strings_order":{"type":"bool","description":"Ignore query strings order.","description_kind":"markdown","optional":true}},"block_types":{"custom_key":{"nesting_mode":"list","block":{"block_types":{"cookie":{"nesting_mode":"list","block":{"attributes":{"check_presence":{"type":["list","string"],"description":"List of cookies to check for presence in the custom key.","description_kind":"markdown","optional":true},"include":{"type":["list","string"],"description":"List of cookies to include in the custom key.","description_kind":"markdown","optional":true}},"description":"Cookie parameters for the custom key.","description_kind":"markdown"},"max_items":1},"header":{"nesting_mode":"list","block":{"attributes":{"check_presence":{"type":["list","string"],"description":"List of headers to check for presence in the custom key.","description_kind":"markdown","optional":true},"exclude_origin":{"type":"bool","description":"Exclude the origin header from the custom key.","description_kind":"markdown","optional":true},"include":{"type":["list","string"],"description":"List of headers to include in the custom key.","description_kind":"markdown","optional":true}},"description":"Header parameters for the custom key.","description_kind":"markdown"},"max_items":1},"host":{"nesting_mode":"list","block":{"attributes":{"resolved":{"type":"bool","description":"Resolve hostname to IP address.","description_kind":"markdown","optional":true}},"description":"Host parameters for the custom key.","description_kind":"markdown"},"max_items":1},"query_string":{"nesting_mode":"list","block":{"attributes":{"exclude":{"type":["list","string"],"description":"List of query string parameters to exclude from the custom key. Conflicts with \"include\".","description_kind":"markdown","optional":true},"include":{"type":["list","string"],"description":"List of query string parameters to include in the custom key. Conflicts with \"exclude\".","description_kind":"markdown","optional":true}},"description":"Query string parameters for the custom key.","description_kind":"markdown"},"max_items":1},"user":{"nesting_mode":"list","block":{"attributes":{"device_type":{"type":"bool","description":"Add device type to the custom key. Conflicts with \"cache_key.cache_by_device_type\".","description_kind":"markdown","optional":true},"geo":{"type":"bool","description":"Add geo data to the custom key.","description_kind":"markdown","optional":true},"lang":{"type":"bool","description":"Add language data to the custom key.","description_kind":"markdown","optional":true}},"description":"User parameters for the custom key.","description_kind":"markdown"},"max_items":1}},"description":"Custom key parameters for the request.","description_kind":"markdown"},"max_items":1}},"description":"List of cache key parameters to apply to the request.","description_kind":"markdown"},"max_items":1},"edge_ttl":{"nesting_mode":"list","block":{"attributes":{"default":{"type":"number","description":"Default edge TTL.","description_kind":"markdown","required":true},"mode":{"type":"string","description":"Mode of the edge TTL.","description_kind":"markdown","required":true}},"block_types":{"status_code_ttl":{"nesting_mode":"list","block":{"attributes":{"status_code":{"type":"number","description":"Status code for which the edge TTL is applied. Conflicts with \"status_code_range\".","description_kind":"markdown","optional":true},"value":{"type":"number","description":"Status code edge TTL value.","description_kind":"markdown","required":true}},"block_types":{"status_code_range":{"nesting_mode":"list","block":{"attributes":{"from":{"type":"number","description":"From status code.","description_kind":"markdown","optional":true},"to":{"type":"number","description":"To status code.","description_kind":"markdown","optional":true}},"description":"Status code range for which the edge TTL is applied. Conflicts with \"status_code\".","description_kind":"markdown"}}},"description":"Edge TTL for the status codes.","description_kind":"markdown"}}},"description":"List of edge TTL parameters to apply to the request.","description_kind":"markdown"},"max_items":1},"from_list":{"nesting_mode":"list","block":{"attributes":{"key":{"type":"string","description":"Expression to use for the list lookup.","description_kind":"markdown","required":true},"name":{"type":"string","description":"Name of the list.","description_kind":"markdown","required":true}},"description":"Use a list to lookup information for the action.","description_kind":"markdown"},"max_items":1},"headers":{"nesting_mode":"list","block":{"attributes":{"expression":{"type":"string","description":"Use a value dynamically determined by the Firewall Rules expression language based on Wireshark display filters. Refer to the [Firewall Rules language](https://developers.cloudflare.com/firewall/cf-firewall-language) documentation for all available fields, operators, and functions. Conflicts with `\"value\"`.","description_kind":"markdown","optional":true},"name":{"type":"string","description":"Name of the HTTP request header to target.","description_kind":"markdown","optional":true},"operation":{"type":"string","description":"Action to perform on the HTTP request header. Available values: `remove`, `set`.","description_kind":"markdown","optional":true},"value":{"type":"string","description":"Static value to provide as the HTTP request header value. Conflicts with `\"expression\"`.","description_kind":"markdown","optional":true}},"description":"List of HTTP header modifications to perform in the ruleset rule.","description_kind":"markdown"}},"matched_data":{"nesting_mode":"list","block":{"attributes":{"public_key":{"type":"string","description":"Public key to use within WAF Ruleset payload logging to view the HTTP request parameters. You can generate a public key [using the `matched-data-cli` command-line tool](https://developers.cloudflare.com/waf/managed-rulesets/payload-logging/command-line/generate-key-pair) or [in the Cloudflare dashboard](https://developers.cloudflare.com/waf/managed-rulesets/payload-logging/configure).","description_kind":"markdown","optional":true}},"description":"List of properties to configure WAF payload logging.","description_kind":"markdown"},"max_items":1},"origin":{"nesting_mode":"list","block":{"attributes":{"host":{"type":"string","description":"Origin Hostname where request is sent.","description_kind":"markdown","optional":true},"port":{"type":"number","description":"Origin Port where request is sent.","description_kind":"markdown","optional":true}},"description":"List of properties to change request origin.","description_kind":"markdown"},"max_items":1},"overrides":{"nesting_mode":"list","block":{"attributes":{"action":{"type":"string","description":"Action to perform in the rule-level override. Available values: `block`, `challenge`, `ddos_dynamic`, `execute`, `force_connection_close`, `js_challenge`, `log`, `log_custom_field`, `managed_challenge`, `redirect`, `rewrite`, `route`, `score`, `set_cache_settings`, `skip`.","description_kind":"markdown","optional":true},"enabled":{"type":"bool","description":"Defines if the current ruleset-level override enables or disables the ruleset.","description_kind":"markdown","deprecated":true,"optional":true},"status":{"type":"string","description":"Defines if the current ruleset-level override enables or disables the ruleset. Available values: `enabled`, `disabled`. Defaults to `\"\"`.","description_kind":"markdown","optional":true}},"block_types":{"categories":{"nesting_mode":"list","block":{"attributes":{"action":{"type":"string","description":"Action to perform in the tag-level override. Available values: `block`, `challenge`, `ddos_dynamic`, `execute`, `force_connection_close`, `js_challenge`, `log`, `log_custom_field`, `managed_challenge`, `redirect`, `rewrite`, `route`, `score`, `set_cache_settings`, `skip`.","description_kind":"markdown","optional":true},"category":{"type":"string","description":"Tag name to apply the ruleset rule override to.","description_kind":"markdown","optional":true},"enabled":{"type":"bool","description":"Defines if the current tag-level override enables or disables the ruleset rules with the specified tag.","description_kind":"markdown","deprecated":true,"optional":true},"status":{"type":"string","description":"Defines if the current tag-level override enables or disables the ruleset rules with the specified tag. Available values: `enabled`, `disabled`. Defaults to `\"\"`.","description_kind":"markdown","optional":true}},"description":"List of tag-based overrides.","description_kind":"markdown"}},"rules":{"nesting_mode":"list","block":{"attributes":{"action":{"type":"string","description":"Action to perform in the rule-level override. Available values: `block`, `challenge`, `ddos_dynamic`, `execute`, `force_connection_close`, `js_challenge`, `log`, `log_custom_field`, `managed_challenge`, `redirect`, `rewrite`, `route`, `score`, `set_cache_settings`, `skip`.","description_kind":"markdown","optional":true},"enabled":{"type":"bool","description":"Defines if the current rule-level override enables or disables the rule.","description_kind":"markdown","deprecated":true,"optional":true},"id":{"type":"string","description":"Rule ID to apply the override to.","description_kind":"markdown","optional":true},"score_threshold":{"type":"number","description":"Anomaly score threshold to apply in the ruleset rule override. Only applicable to modsecurity-based rulesets.","description_kind":"markdown","optional":true},"sensitivity_level":{"type":"string","description":"Sensitivity level for a ruleset rule override.","description_kind":"markdown","optional":true},"status":{"type":"string","description":"Defines if the current rule-level override enables or disables the rule. Available values: `enabled`, `disabled`. Defaults to `\"\"`.","description_kind":"markdown","optional":true}},"description":"List of rule-based overrides.","description_kind":"markdown"}}},"description":"List of override configurations to apply to the ruleset.","description_kind":"markdown"},"max_items":1},"response":{"nesting_mode":"list","block":{"attributes":{"content":{"type":"string","description":"Body content to include in the response.","description_kind":"markdown","optional":true},"content_type":{"type":"string","description":"HTTP content type to send in the response.","description_kind":"markdown","optional":true},"status_code":{"type":"number","description":"HTTP status code to send in the response.","description_kind":"markdown","optional":true}},"description":"List of parameters that configure the response given to end users.","description_kind":"markdown"}},"serve_stale":{"nesting_mode":"list","block":{"attributes":{"disable_stale_while_updating":{"type":"bool","description":"Disable stale while updating.","description_kind":"markdown","optional":true}},"description":"List of serve stale parameters to apply to the request.","description_kind":"markdown"},"max_items":1},"uri":{"nesting_mode":"list","block":{"attributes":{"origin":{"type":"bool","description_kind":"plain","optional":true}},"block_types":{"path":{"nesting_mode":"list","block":{"attributes":{"expression":{"type":"string","description":"Expression that defines the updated (dynamic) value of the URI path or query string component. Uses the Firewall Rules expression language based on Wireshark display filters. Refer to the [Firewall Rules language](https://developers.cloudflare.com/firewall/cf-firewall-language) documentation for all available fields, operators, and functions.","description_kind":"markdown","optional":true},"value":{"type":"string","description":"Static string value of the updated URI path or query string component.","description_kind":"markdown","optional":true}},"description":"URI path configuration when performing a URL rewrite.","description_kind":"markdown"},"max_items":1},"query":{"nesting_mode":"list","block":{"attributes":{"expression":{"type":"string","description":"Expression that defines the updated (dynamic) value of the URI path or query string component. Uses the Firewall Rules expression language based on Wireshark display filters. Refer to the [Firewall Rules language](https://developers.cloudflare.com/firewall/cf-firewall-language) documentation for all available fields, operators, and functions.","description_kind":"markdown","optional":true},"value":{"type":"string","description":"Static string value of the updated URI path or query string component.","description_kind":"markdown","optional":true}},"description":"Query string configuration when performing a URL rewrite.","description_kind":"markdown"},"max_items":1}},"description":"List of URI properties to configure for the ruleset rule when performing URL rewrite transformations.","description_kind":"markdown"},"max_items":1}},"description":"List of parameters that configure the behavior of the ruleset rule action.","description_kind":"markdown"},"max_items":1},"exposed_credential_check":{"nesting_mode":"list","block":{"attributes":{"password_expression":{"type":"string","description":"Firewall Rules expression language based on Wireshark display filters for where to check for the \"password\" value. Refer to the [Firewall Rules language](https://developers.cloudflare.com/firewall/cf-firewall-language).","description_kind":"markdown","optional":true},"username_expression":{"type":"string","description":"Firewall Rules expression language based on Wireshark display filters for where to check for the \"username\" value. Refer to the [Firewall Rules language](https://developers.cloudflare.com/firewall/cf-firewall-language).","description_kind":"markdown","optional":true}},"description":"List of parameters that configure exposed credential checks.","description_kind":"markdown"},"max_items":1},"logging":{"nesting_mode":"list","block":{"attributes":{"enabled":{"type":"bool","description":"Override the default logging behavior when a rule is matched.","description_kind":"markdown","deprecated":true,"optional":true},"status":{"type":"string","description":"Override the default logging behavior when a rule is matched. Available values: `enabled`, `disabled`. Defaults to `\"\"`.","description_kind":"markdown","optional":true}},"description":"List parameters to configure how the rule generates logs.","description_kind":"markdown"},"max_items":1},"ratelimit":{"nesting_mode":"list","block":{"attributes":{"characteristics":{"type":["set","string"],"description":"List of parameters that define how Cloudflare tracks the request rate for this rule.","description_kind":"markdown","optional":true},"counting_expression":{"type":"string","description":"Criteria for counting HTTP requests to trigger the Rate Limiting action. Uses the Firewall Rules expression language based on Wireshark display filters. Refer to the [Firewall Rules language](https://developers.cloudflare.com/firewall/cf-firewall-language) documentation for all available fields, operators, and functions.","description_kind":"markdown","optional":true},"mitigation_timeout":{"type":"number","description":"Once the request rate is reached, the Rate Limiting rule blocks further requests for the period of time defined in this field.","description_kind":"markdown","optional":true},"period":{"type":"number","description":"The period of time to consider (in seconds) when evaluating the request rate.","description_kind":"markdown","optional":true},"requests_per_period":{"type":"number","description":"The number of requests over the period of time that will trigger the Rate Limiting rule.","description_kind":"markdown","optional":true},"requests_to_origin":{"type":"bool","description":"Whether to include requests to origin within the Rate Limiting count.","description_kind":"markdown","optional":true}},"description":"List of parameters that configure HTTP rate limiting behaviour.","description_kind":"markdown"},"max_items":1}},"description":"List of rules to apply to the ruleset.","description_kind":"markdown"}}},"description":"\nThe [Cloudflare Ruleset Engine](https://developers.cloudflare.com/firewall/cf-rulesets)\nallows you to create and deploy rules and rulesets.\nThe engine syntax, inspired by the Wireshark Display Filter language, is the\nsame syntax used in custom Firewall Rules. Cloudflare uses the Ruleset Engine\nin different products, allowing you to configure several products using the same\nbasic syntax.\n","description_kind":"markdown"}},"cloudflare_spectrum_application":{"version":0,"block":{"attributes":{"argo_smart_routing":{"type":"bool","description":"Defaults to `false`.","description_kind":"markdown","optional":true},"edge_ip_connectivity":{"type":"string","description_kind":"plain","optional":true,"computed":true},"edge_ips":{"type":["list","string"],"description_kind":"plain","optional":true},"id":{"type":"string","description_kind":"plain","optional":true,"computed":true},"ip_firewall":{"type":"bool","description":"Defaults to `true`.","description_kind":"markdown","optional":true},"origin_direct":{"type":["list","string"],"description_kind":"plain","optional":true},"origin_port":{"type":"number","description":"Conflicts with `origin_port_range`.","description_kind":"markdown","optional":true},"protocol":{"type":"string","description_kind":"plain","required":true},"proxy_protocol":{"type":"string","description":"Defaults to `off`.","description_kind":"markdown","optional":true},"tls":{"type":"string","description":"Defaults to `off`.","description_kind":"markdown","optional":true},"traffic_type":{"type":"string","description":"Defaults to `direct`.","description_kind":"markdown","optional":true},"zone_id":{"type":"string","description":"The zone identifier to target for the resource.","description_kind":"markdown","required":true}},"block_types":{"dns":{"nesting_mode":"list","block":{"attributes":{"name":{"type":"string","description_kind":"plain","required":true},"type":{"type":"string","description_kind":"plain","required":true}},"description_kind":"plain"},"min_items":1,"max_items":1},"origin_dns":{"nesting_mode":"list","block":{"attributes":{"name":{"type":"string","description_kind":"plain","required":true}},"description_kind":"plain"},"max_items":1},"origin_port_range":{"nesting_mode":"list","block":{"attributes":{"end":{"type":"number","description_kind":"plain","required":true},"start":{"type":"number","description_kind":"plain","required":true}},"description":"Conflicts with `origin_port`.","description_kind":"markdown"},"max_items":1}},"description_kind":"plain"}},"cloudflare_split_tunnel":{"version":0,"block":{"attributes":{"account_id":{"type":"string","description":"The account identifier to target for the resource.","description_kind":"markdown","required":true},"id":{"type":"string","description_kind":"plain","optional":true,"computed":true},"mode":{"type":"string","description":"The mode of the split tunnel policy. Either 'include' or 'exclude'.","description_kind":"markdown","required":true}},"block_types":{"tunnels":{"nesting_mode":"list","block":{"attributes":{"address":{"type":"string","description":"The address for the tunnel.","description_kind":"markdown","optional":true},"description":{"type":"string","description":"A description for the tunnel.","description_kind":"markdown","optional":true},"host":{"type":"string","description":"The domain name for the tunnel.","description_kind":"markdown","optional":true}},"description_kind":"plain"},"min_items":1}},"description_kind":"plain"}},"cloudflare_static_route":{"version":0,"block":{"attributes":{"account_id":{"type":"string","description":"The account identifier to target for the resource.","description_kind":"markdown","optional":true},"colo_names":{"type":["list","string"],"description_kind":"plain","optional":true},"colo_regions":{"type":["list","string"],"description_kind":"plain","optional":true},"description":{"type":"string","description_kind":"plain","optional":true},"id":{"type":"string","description_kind":"plain","optional":true,"computed":true},"nexthop":{"type":"string","description_kind":"plain","required":true},"prefix":{"type":"string","description_kind":"plain","required":true},"priority":{"type":"number","description_kind":"plain","required":true},"weight":{"type":"number","description_kind":"plain","optional":true}},"description_kind":"plain"}},"cloudflare_teams_account":{"version":0,"block":{"attributes":{"account_id":{"type":"string","description":"The account identifier to target for the resource.","description_kind":"markdown","required":true},"activity_log_enabled":{"type":"bool","description_kind":"plain","optional":true},"id":{"type":"string","description_kind":"plain","optional":true,"computed":true},"tls_decrypt_enabled":{"type":"bool","description_kind":"plain","optional":true},"url_browser_isolation_enabled":{"type":"bool","description_kind":"plain","optional":true}},"block_types":{"antivirus":{"nesting_mode":"list","block":{"attributes":{"enabled_download_phase":{"type":"bool","description_kind":"plain","required":true},"enabled_upload_phase":{"type":"bool","description_kind":"plain","required":true},"fail_closed":{"type":"bool","description_kind":"plain","required":true}},"description_kind":"plain"},"max_items":1},"block_page":{"nesting_mode":"list","block":{"attributes":{"background_color":{"type":"string","description_kind":"plain","optional":true},"enabled":{"type":"bool","description_kind":"plain","optional":true},"footer_text":{"type":"string","description_kind":"plain","optional":true},"header_text":{"type":"string","description_kind":"plain","optional":true},"logo_path":{"type":"string","description_kind":"plain","optional":true},"name":{"type":"string","description_kind":"plain","optional":true}},"description_kind":"plain"},"max_items":1},"fips":{"nesting_mode":"list","block":{"attributes":{"tls":{"type":"bool","description_kind":"plain","optional":true}},"description_kind":"plain"},"max_items":1},"logging":{"nesting_mode":"list","block":{"attributes":{"redact_pii":{"type":"bool","description_kind":"plain","required":true}},"block_types":{"settings_by_rule_type":{"nesting_mode":"list","block":{"block_types":{"dns":{"nesting_mode":"list","block":{"attributes":{"log_all":{"type":"bool","description_kind":"plain","required":true},"log_blocks":{"type":"bool","description_kind":"plain","required":true}},"description_kind":"plain"},"min_items":1,"max_items":1},"http":{"nesting_mode":"list","block":{"attributes":{"log_all":{"type":"bool","description_kind":"plain","required":true},"log_blocks":{"type":"bool","description_kind":"plain","required":true}},"description_kind":"plain"},"min_items":1,"max_items":1},"l4":{"nesting_mode":"list","block":{"attributes":{"log_all":{"type":"bool","description_kind":"plain","required":true},"log_blocks":{"type":"bool","description_kind":"plain","required":true}},"description_kind":"plain"},"min_items":1,"max_items":1}},"description_kind":"plain"},"min_items":1,"max_items":1}},"description_kind":"plain"},"max_items":1},"proxy":{"nesting_mode":"list","block":{"attributes":{"tcp":{"type":"bool","description_kind":"plain","required":true},"udp":{"type":"bool","description_kind":"plain","required":true}},"description_kind":"plain"},"max_items":1}},"description_kind":"plain"}},"cloudflare_teams_list":{"version":0,"block":{"attributes":{"account_id":{"type":"string","description":"The account identifier to target for the resource.","description_kind":"markdown","required":true},"description":{"type":"string","description_kind":"plain","optional":true},"id":{"type":"string","description_kind":"plain","optional":true,"computed":true},"items":{"type":["set","string"],"description_kind":"plain","optional":true},"name":{"type":"string","description_kind":"plain","required":true},"type":{"type":"string","description_kind":"plain","required":true}},"description_kind":"plain"}},"cloudflare_teams_location":{"version":0,"block":{"attributes":{"account_id":{"type":"string","description":"The account identifier to target for the resource.","description_kind":"markdown","required":true},"anonymized_logs_enabled":{"type":"bool","description_kind":"plain","computed":true},"client_default":{"type":"bool","description_kind":"plain","optional":true},"doh_subdomain":{"type":"string","description_kind":"plain","computed":true},"id":{"type":"string","description_kind":"plain","optional":true,"computed":true},"ip":{"type":"string","description_kind":"plain","computed":true},"ipv4_destination":{"type":"string","description_kind":"plain","computed":true},"name":{"type":"string","description_kind":"plain","required":true},"policy_ids":{"type":["list","string"],"description_kind":"plain","computed":true}},"block_types":{"networks":{"nesting_mode":"set","block":{"attributes":{"id":{"type":"string","description_kind":"plain","computed":true},"network":{"type":"string","description_kind":"plain","required":true}},"description_kind":"plain"}}},"description_kind":"plain"}},"cloudflare_teams_proxy_endpoint":{"version":0,"block":{"attributes":{"account_id":{"type":"string","description":"The account identifier to target for the resource.","description_kind":"markdown","required":true},"id":{"type":"string","description_kind":"plain","optional":true,"computed":true},"ips":{"type":["set","string"],"description_kind":"plain","required":true},"name":{"type":"string","description_kind":"plain","required":true},"subdomain":{"type":"string","description_kind":"plain","computed":true}},"description_kind":"plain"}},"cloudflare_teams_rule":{"version":0,"block":{"attributes":{"account_id":{"type":"string","description":"The account identifier to target for the resource.","description_kind":"markdown","required":true},"action":{"type":"string","description_kind":"plain","required":true},"description":{"type":"string","description_kind":"plain","required":true},"device_posture":{"type":"string","description_kind":"plain","optional":true},"enabled":{"type":"bool","description_kind":"plain","optional":true},"filters":{"type":["list","string"],"description_kind":"plain","optional":true},"id":{"type":"string","description_kind":"plain","optional":true,"computed":true},"identity":{"type":"string","description_kind":"plain","optional":true},"name":{"type":"string","description_kind":"plain","required":true},"precedence":{"type":"number","description_kind":"plain","required":true},"traffic":{"type":"string","description_kind":"plain","optional":true},"version":{"type":"number","description_kind":"plain","computed":true}},"block_types":{"rule_settings":{"nesting_mode":"list","block":{"attributes":{"add_headers":{"type":["map","string"],"description_kind":"plain","optional":true},"block_page_enabled":{"type":"bool","description_kind":"plain","optional":true},"block_page_reason":{"type":"string","description_kind":"plain","optional":true},"insecure_disable_dnssec_validation":{"type":"bool","description_kind":"plain","optional":true},"override_host":{"type":"string","description_kind":"plain","optional":true},"override_ips":{"type":["list","string"],"description_kind":"plain","optional":true}},"block_types":{"biso_admin_controls":{"nesting_mode":"list","block":{"attributes":{"disable_copy_paste":{"type":"bool","description_kind":"plain","optional":true},"disable_download":{"type":"bool","description_kind":"plain","optional":true},"disable_keyboard":{"type":"bool","description_kind":"plain","optional":true},"disable_printing":{"type":"bool","description_kind":"plain","optional":true},"disable_upload":{"type":"bool","description_kind":"plain","optional":true}},"description_kind":"plain"},"max_items":1},"check_session":{"nesting_mode":"list","block":{"attributes":{"duration":{"type":"string","description_kind":"plain","required":true},"enforce":{"type":"bool","description_kind":"plain","required":true}},"description_kind":"plain"},"max_items":1},"l4override":{"nesting_mode":"list","block":{"attributes":{"ip":{"type":"string","description_kind":"plain","required":true},"port":{"type":"number","description_kind":"plain","required":true}},"description_kind":"plain"},"max_items":1}},"description_kind":"plain"},"max_items":1}},"description_kind":"plain"}},"cloudflare_tunnel_route":{"version":0,"block":{"attributes":{"account_id":{"type":"string","description":"The account identifier to target for the resource.","description_kind":"markdown","required":true},"comment":{"type":"string","description":"Description of the tunnel route.","description_kind":"markdown","optional":true},"id":{"type":"string","description_kind":"plain","optional":true,"computed":true},"network":{"type":"string","description":"The IPv4 or IPv6 network that should use this tunnel route, in CIDR notation.","description_kind":"markdown","required":true},"tunnel_id":{"type":"string","description":"The ID of the tunnel that will service the tunnel route.","description_kind":"markdown","required":true},"virtual_network_id":{"type":"string","description":"The ID of the virtual network for which this route is being added; uses the default virtual network of the account if none is provided.","description_kind":"markdown","optional":true}},"description":"Provides a resource, that manages Cloudflare tunnel routes for Zero Trust. Tunnel routes are used to direct IP traffic through Cloudflare Tunnels.","description_kind":"markdown"}},"cloudflare_tunnel_virtual_network":{"version":0,"block":{"attributes":{"account_id":{"type":"string","description":"The account identifier to target for the resource.","description_kind":"markdown","required":true},"comment":{"type":"string","description":"Description of the tunnel virtual network.","description_kind":"markdown","optional":true},"id":{"type":"string","description_kind":"plain","optional":true,"computed":true},"is_default_network":{"type":"bool","description":"Whether this virtual network is the default one for the account. This means IP Routes belong to this virtual network and Teams Clients in the account route through this virtual network, unless specified otherwise for each case.","description_kind":"markdown","optional":true},"name":{"type":"string","description":"A user-friendly name chosen when the virtual network is created.","description_kind":"markdown","required":true}},"description":"\nProvides a resource, that manages Cloudflare tunnel virtual networks for Zero Trust. Tunnel\nvirtual networks are used for segregation of Tunnel IP Routes via Virtualized Networks to \nhandle overlapping private IPs in your origins.","description_kind":"markdown"}},"cloudflare_waf_group":{"version":0,"block":{"attributes":{"group_id":{"type":"string","description_kind":"plain","required":true},"id":{"type":"string","description_kind":"plain","optional":true,"computed":true},"mode":{"type":"string","description":"Defaults to `on`.","description_kind":"markdown","optional":true},"package_id":{"type":"string","description_kind":"plain","optional":true,"computed":true},"zone_id":{"type":"string","description":"The zone identifier to target for the resource.","description_kind":"markdown","required":true}},"description_kind":"plain"}},"cloudflare_waf_override":{"version":0,"block":{"attributes":{"description":{"type":"string","description_kind":"plain","optional":true},"groups":{"type":["map","string"],"description_kind":"plain","optional":true},"id":{"type":"string","description_kind":"plain","optional":true,"computed":true},"override_id":{"type":"string","description_kind":"plain","computed":true},"paused":{"type":"bool","description_kind":"plain","optional":true},"priority":{"type":"number","description_kind":"plain","optional":true},"rewrite_action":{"type":["map","string"],"description_kind":"plain","optional":true},"rules":{"type":["map","string"],"description_kind":"plain","optional":true},"urls":{"type":["list","string"],"description_kind":"plain","required":true},"zone_id":{"type":"string","description":"The zone identifier to target for the resource.","description_kind":"markdown","required":true}},"description_kind":"plain"}},"cloudflare_waf_package":{"version":0,"block":{"attributes":{"action_mode":{"type":"string","description":"Defaults to `challenge`.","description_kind":"markdown","optional":true},"id":{"type":"string","description_kind":"plain","optional":true,"computed":true},"package_id":{"type":"string","description_kind":"plain","required":true},"sensitivity":{"type":"string","description":"Defaults to `high`.","description_kind":"markdown","optional":true},"zone_id":{"type":"string","description":"The zone identifier to target for the resource.","description_kind":"markdown","required":true}},"description_kind":"plain"}},"cloudflare_waf_rule":{"version":0,"block":{"attributes":{"group_id":{"type":"string","description_kind":"plain","computed":true},"id":{"type":"string","description_kind":"plain","optional":true,"computed":true},"mode":{"type":"string","description_kind":"plain","required":true},"package_id":{"type":"string","description_kind":"plain","optional":true,"computed":true},"rule_id":{"type":"string","description_kind":"plain","required":true},"zone_id":{"type":"string","description":"The zone identifier to target for the resource.","description_kind":"markdown","required":true}},"description_kind":"plain"}},"cloudflare_waiting_room":{"version":0,"block":{"attributes":{"custom_page_html":{"type":"string","description":"This is a templated html file that will be rendered at the edge.","description_kind":"markdown","optional":true},"default_template_language":{"type":"string","description":"The language to use for the default waiting room page. Available values: `de-DE`, `es-ES`, `en-US`, `fr-FR`, `id-ID`, `it-IT`, `ja-JP`, `ko-KR`, `nl-NL`, `pl-PL`, `pt-BR`, `tr-TR`, `zh-CN`, `zh-TW`. Defaults to `en-US`.","description_kind":"markdown","optional":true},"description":{"type":"string","description":"A description to add more details about the waiting room.","description_kind":"markdown","optional":true},"disable_session_renewal":{"type":"bool","description":"Disables automatic renewal of session cookies.","description_kind":"markdown","optional":true},"host":{"type":"string","description":"Host name for which the waiting room will be applied (no wildcards).","description_kind":"markdown","required":true},"id":{"type":"string","description_kind":"plain","optional":true,"computed":true},"json_response_enabled":{"type":"bool","description":"If true, requests to the waiting room with the header `Accept: application/json` will receive a JSON response object.","description_kind":"markdown","optional":true},"name":{"type":"string","description":"A unique name to identify the waiting room.","description_kind":"markdown","required":true},"new_users_per_minute":{"type":"number","description":"The number of new users that will be let into the route every minute.","description_kind":"markdown","required":true},"path":{"type":"string","description":"The path within the host to enable the waiting room on.","description_kind":"markdown","optional":true},"queue_all":{"type":"bool","description":"If queue_all is true, then all traffic will be sent to the waiting room.","description_kind":"markdown","optional":true},"queueing_method":{"type":"string","description":"The queueing method used by the waiting room. Available values: `fifo`, `random`, `passthrough`, `reject`. Defaults to `fifo`.","description_kind":"markdown","optional":true},"session_duration":{"type":"number","description":"Lifetime of a cookie (in minutes) set by Cloudflare for users who get access to the origin.","description_kind":"markdown","optional":true},"suspended":{"type":"bool","description":"Suspends the waiting room.","description_kind":"markdown","optional":true},"total_active_users":{"type":"number","description":"The total number of active user sessions on the route at a point in time.","description_kind":"markdown","required":true},"zone_id":{"type":"string","description":"The zone identifier to target for the resource.","description_kind":"markdown","required":true}},"block_types":{"timeouts":{"nesting_mode":"single","block":{"attributes":{"create":{"type":"string","description_kind":"plain","optional":true},"update":{"type":"string","description_kind":"plain","optional":true}},"description_kind":"plain"}}},"description":"Provides a Cloudflare Waiting Room resource.","description_kind":"markdown"}},"cloudflare_waiting_room_event":{"version":0,"block":{"attributes":{"created_on":{"type":"string","description":"Creation time.","description_kind":"markdown","computed":true},"custom_page_html":{"type":"string","description":"This is a templated html file that will be rendered at the edge.","description_kind":"markdown","optional":true},"description":{"type":"string","description":"A description to let users add more details about the event.","description_kind":"markdown","optional":true},"disable_session_renewal":{"type":"bool","description":"Disables automatic renewal of session cookies.","description_kind":"markdown","optional":true},"event_end_time":{"type":"string","description":"ISO 8601 timestamp that marks the end of the event.","description_kind":"markdown","required":true},"event_start_time":{"type":"string","description":"ISO 8601 timestamp that marks the start of the event. Must occur at least 1 minute before `event_end_time`.","description_kind":"markdown","required":true},"id":{"type":"string","description_kind":"plain","optional":true,"computed":true},"modified_on":{"type":"string","description":"Last modified time.","description_kind":"markdown","computed":true},"name":{"type":"string","description":"A unique name to identify the event. Only alphanumeric characters, hyphens, and underscores are allowed.","description_kind":"markdown","required":true},"new_users_per_minute":{"type":"number","description":"The number of new users that will be let into the route every minute.","description_kind":"markdown","optional":true},"prequeue_start_time":{"type":"string","description":"ISO 8601 timestamp that marks when to begin queueing all users before the event starts. Must occur at least 5 minutes before `event_start_time`.","description_kind":"markdown","optional":true},"queueing_method":{"type":"string","description":"The queueing method used by the waiting room. Available values: `fifo`, `random`, `passthrough`, `reject`.","description_kind":"markdown","optional":true},"session_duration":{"type":"number","description":"Lifetime of a cookie (in minutes) set by Cloudflare for users who get access to the origin.","description_kind":"markdown","optional":true},"shuffle_at_event_start":{"type":"bool","description":"Users in the prequeue will be shuffled randomly at the `event_start_time`. Requires that `prequeue_start_time` is not null. Defaults to `false`.","description_kind":"markdown","optional":true},"suspended":{"type":"bool","description":"If suspended, the event is ignored and traffic will be handled based on the waiting room configuration.","description_kind":"markdown","optional":true},"total_active_users":{"type":"number","description":"The total number of active user sessions on the route at a point in time.","description_kind":"markdown","optional":true},"waiting_room_id":{"type":"string","description":"The Waiting Room ID the event should apply to.","description_kind":"markdown","required":true},"zone_id":{"type":"string","description":"The zone identifier to target for the resource.","description_kind":"markdown","required":true}},"description":"Provides a Cloudflare Waiting Room Event resource.","description_kind":"markdown"}},"cloudflare_worker_cron_trigger":{"version":0,"block":{"attributes":{"account_id":{"type":"string","description":"The account identifier to target for the resource.","description_kind":"markdown","required":true},"id":{"type":"string","description_kind":"plain","optional":true,"computed":true},"schedules":{"type":["set","string"],"description_kind":"plain","required":true},"script_name":{"type":"string","description_kind":"plain","required":true}},"description_kind":"plain"}},"cloudflare_worker_route":{"version":0,"block":{"attributes":{"id":{"type":"string","description_kind":"plain","optional":true,"computed":true},"pattern":{"type":"string","description_kind":"plain","required":true},"script_name":{"type":"string","description_kind":"plain","optional":true},"zone_id":{"type":"string","description":"The zone identifier to target for the resource.","description_kind":"markdown","required":true}},"description_kind":"plain"}},"cloudflare_worker_script":{"version":0,"block":{"attributes":{"content":{"type":"string","description_kind":"plain","required":true},"id":{"type":"string","description_kind":"plain","optional":true,"computed":true},"name":{"type":"string","description_kind":"plain","required":true}},"block_types":{"kv_namespace_binding":{"nesting_mode":"set","block":{"attributes":{"name":{"type":"string","description_kind":"plain","required":true},"namespace_id":{"type":"string","description_kind":"plain","required":true}},"description_kind":"plain"}},"plain_text_binding":{"nesting_mode":"set","block":{"attributes":{"name":{"type":"string","description_kind":"plain","required":true},"text":{"type":"string","description_kind":"plain","required":true}},"description_kind":"plain"}},"secret_text_binding":{"nesting_mode":"set","block":{"attributes":{"name":{"type":"string","description_kind":"plain","required":true},"text":{"type":"string","description_kind":"plain","required":true,"sensitive":true}},"description_kind":"plain"}},"service_binding":{"nesting_mode":"set","block":{"attributes":{"environment":{"type":"string","description_kind":"plain","optional":true},"name":{"type":"string","description_kind":"plain","required":true},"service":{"type":"string","description_kind":"plain","required":true}},"description_kind":"plain"}},"webassembly_binding":{"nesting_mode":"set","block":{"attributes":{"module":{"type":"string","description_kind":"plain","required":true},"name":{"type":"string","description_kind":"plain","required":true}},"description_kind":"plain"}}},"description_kind":"plain"}},"cloudflare_workers_kv":{"version":0,"block":{"attributes":{"id":{"type":"string","description_kind":"plain","optional":true,"computed":true},"key":{"type":"string","description_kind":"plain","required":true},"namespace_id":{"type":"string","description_kind":"plain","required":true},"value":{"type":"string","description_kind":"plain","required":true}},"description_kind":"plain"}},"cloudflare_workers_kv_namespace":{"version":0,"block":{"attributes":{"id":{"type":"string","description_kind":"plain","optional":true,"computed":true},"title":{"type":"string","description_kind":"plain","required":true}},"description_kind":"plain"}},"cloudflare_zone":{"version":0,"block":{"attributes":{"id":{"type":"string","description_kind":"plain","optional":true,"computed":true},"jump_start":{"type":"bool","description_kind":"plain","optional":true},"meta":{"type":["map","bool"],"description_kind":"plain","computed":true},"name_servers":{"type":["list","string"],"description_kind":"plain","computed":true},"paused":{"type":"bool","description_kind":"plain","optional":true},"plan":{"type":"string","description_kind":"plain","optional":true,"computed":true},"status":{"type":"string","description_kind":"plain","computed":true},"type":{"type":"string","description":"Defaults to `full`.","description_kind":"markdown","optional":true},"vanity_name_servers":{"type":["list","string"],"description_kind":"plain","computed":true},"verification_key":{"type":"string","description_kind":"plain","computed":true},"zone":{"type":"string","description_kind":"plain","required":true}},"description_kind":"plain"}},"cloudflare_zone_cache_variants":{"version":0,"block":{"attributes":{"avif":{"type":["set","string"],"description_kind":"plain","optional":true},"bmp":{"type":["set","string"],"description_kind":"plain","optional":true},"gif":{"type":["set","string"],"description_kind":"plain","optional":true},"id":{"type":"string","description_kind":"plain","optional":true,"computed":true},"jp2":{"type":["set","string"],"description_kind":"plain","optional":true},"jpeg":{"type":["set","string"],"description_kind":"plain","optional":true},"jpg":{"type":["set","string"],"description_kind":"plain","optional":true},"jpg2":{"type":["set","string"],"description_kind":"plain","optional":true},"png":{"type":["set","string"],"description_kind":"plain","optional":true},"tif":{"type":["set","string"],"description_kind":"plain","optional":true},"tiff":{"type":["set","string"],"description_kind":"plain","optional":true},"webp":{"type":["set","string"],"description_kind":"plain","optional":true},"zone_id":{"type":"string","description":"The zone identifier to target for the resource.","description_kind":"markdown","required":true}},"description_kind":"plain"}},"cloudflare_zone_dnssec":{"version":0,"block":{"attributes":{"algorithm":{"type":"string","description_kind":"plain","computed":true},"digest":{"type":"string","description_kind":"plain","computed":true},"digest_algorithm":{"type":"string","description_kind":"plain","computed":true},"digest_type":{"type":"string","description_kind":"plain","computed":true},"ds":{"type":"string","description_kind":"plain","computed":true},"flags":{"type":"number","description_kind":"plain","computed":true},"id":{"type":"string","description_kind":"plain","optional":true,"computed":true},"key_tag":{"type":"number","description_kind":"plain","computed":true},"key_type":{"type":"string","description_kind":"plain","computed":true},"modified_on":{"type":"string","description_kind":"plain","optional":true,"computed":true},"public_key":{"type":"string","description_kind":"plain","computed":true},"status":{"type":"string","description_kind":"plain","computed":true},"zone_id":{"type":"string","description":"The zone identifier to target for the resource.","description_kind":"markdown","required":true}},"description_kind":"plain"}},"cloudflare_zone_lockdown":{"version":0,"block":{"attributes":{"description":{"type":"string","description_kind":"plain","optional":true},"id":{"type":"string","description_kind":"plain","optional":true,"computed":true},"paused":{"type":"bool","description":"Defaults to `false`.","description_kind":"markdown","optional":true},"priority":{"type":"number","description_kind":"plain","optional":true},"urls":{"type":["set","string"],"description_kind":"plain","required":true},"zone_id":{"type":"string","description":"The zone identifier to target for the resource.","description_kind":"markdown","required":true}},"block_types":{"configurations":{"nesting_mode":"set","block":{"attributes":{"target":{"type":"string","description_kind":"plain","required":true},"value":{"type":"string","description_kind":"plain","required":true}},"description_kind":"plain"},"min_items":1}},"description_kind":"plain"}},"cloudflare_zone_settings_override":{"version":0,"block":{"attributes":{"id":{"type":"string","description_kind":"plain","optional":true,"computed":true},"initial_settings":{"type":["list",["object",{"always_online":"string","always_use_https":"string","automatic_https_rewrites":"string","binary_ast":"string","brotli":"string","browser_cache_ttl":"number","browser_check":"string","cache_level":"string","challenge_ttl":"number","ciphers":["list","string"],"cname_flattening":"string","development_mode":"string","early_hints":"string","email_obfuscation":"string","filter_logs_to_cloudflare":"string","h2_prioritization":"string","hotlink_protection":"string","http2":"string","http3":"string","image_resizing":"string","ip_geolocation":"string","ipv6":"string","log_to_cloudflare":"string","max_upload":"number","min_tls_version":"string","minify":["list",["object",{"css":"string","html":"string","js":"string"}]],"mirage":"string","mobile_redirect":["list",["object",{"mobile_subdomain":"string","status":"string","strip_uri":"bool"}]],"opportunistic_encryption":"string","opportunistic_onion":"string","orange_to_orange":"string","origin_error_page_pass_thru":"string","origin_max_http_version":"string","polish":"string","prefetch_preload":"string","privacy_pass":"string","proxy_read_timeout":"string","pseudo_ipv4":"string","response_buffering":"string","rocket_loader":"string","security_header":["list",["object",{"enabled":"bool","include_subdomains":"bool","max_age":"number","nosniff":"bool","preload":"bool"}]],"security_level":"string","server_side_exclude":"string","sort_query_string_for_cache":"string","ssl":"string","tls_1_2_only":"string","tls_1_3":"string","tls_client_auth":"string","true_client_ip_header":"string","universal_ssl":"string","visitor_ip":"string","waf":"string","webp":"string","websockets":"string","zero_rtt":"string"}]],"description_kind":"plain","computed":true},"initial_settings_read_at":{"type":"string","description_kind":"plain","computed":true},"readonly_settings":{"type":["list","string"],"description_kind":"plain","computed":true},"zone_id":{"type":"string","description":"The zone identifier to target for the resource.","description_kind":"markdown","required":true},"zone_status":{"type":"string","description_kind":"plain","computed":true},"zone_type":{"type":"string","description_kind":"plain","computed":true}},"block_types":{"settings":{"nesting_mode":"list","block":{"attributes":{"always_online":{"type":"string","description_kind":"plain","optional":true,"computed":true},"always_use_https":{"type":"string","description_kind":"plain","optional":true,"computed":true},"automatic_https_rewrites":{"type":"string","description_kind":"plain","optional":true,"computed":true},"binary_ast":{"type":"string","description_kind":"plain","optional":true,"computed":true},"brotli":{"type":"string","description_kind":"plain","optional":true,"computed":true},"browser_cache_ttl":{"type":"number","description_kind":"plain","optional":true,"computed":true},"browser_check":{"type":"string","description_kind":"plain","optional":true,"computed":true},"cache_level":{"type":"string","description_kind":"plain","optional":true,"computed":true},"challenge_ttl":{"type":"number","description_kind":"plain","optional":true,"computed":true},"ciphers":{"type":["list","string"],"description_kind":"plain","optional":true,"computed":true},"cname_flattening":{"type":"string","description_kind":"plain","optional":true,"computed":true},"development_mode":{"type":"string","description_kind":"plain","optional":true,"computed":true},"early_hints":{"type":"string","description_kind":"plain","optional":true,"computed":true},"email_obfuscation":{"type":"string","description_kind":"plain","optional":true,"computed":true},"filter_logs_to_cloudflare":{"type":"string","description_kind":"plain","optional":true,"computed":true},"h2_prioritization":{"type":"string","description_kind":"plain","optional":true,"computed":true},"hotlink_protection":{"type":"string","description_kind":"plain","optional":true,"computed":true},"http2":{"type":"string","description_kind":"plain","optional":true,"computed":true},"http3":{"type":"string","description_kind":"plain","optional":true,"computed":true},"image_resizing":{"type":"string","description_kind":"plain","optional":true,"computed":true},"ip_geolocation":{"type":"string","description_kind":"plain","optional":true,"computed":true},"ipv6":{"type":"string","description_kind":"plain","optional":true,"computed":true},"log_to_cloudflare":{"type":"string","description_kind":"plain","optional":true,"computed":true},"max_upload":{"type":"number","description_kind":"plain","optional":true,"computed":true},"min_tls_version":{"type":"string","description_kind":"plain","optional":true,"computed":true},"mirage":{"type":"string","description_kind":"plain","optional":true,"computed":true},"opportunistic_encryption":{"type":"string","description_kind":"plain","optional":true,"computed":true},"opportunistic_onion":{"type":"string","description_kind":"plain","optional":true,"computed":true},"orange_to_orange":{"type":"string","description_kind":"plain","optional":true,"computed":true},"origin_error_page_pass_thru":{"type":"string","description_kind":"plain","optional":true,"computed":true},"origin_max_http_version":{"type":"string","description_kind":"plain","optional":true,"computed":true},"polish":{"type":"string","description_kind":"plain","optional":true,"computed":true},"prefetch_preload":{"type":"string","description_kind":"plain","optional":true,"computed":true},"privacy_pass":{"type":"string","description_kind":"plain","optional":true,"computed":true},"proxy_read_timeout":{"type":"string","description_kind":"plain","optional":true,"computed":true},"pseudo_ipv4":{"type":"string","description_kind":"plain","optional":true,"computed":true},"response_buffering":{"type":"string","description_kind":"plain","optional":true,"computed":true},"rocket_loader":{"type":"string","description_kind":"plain","optional":true,"computed":true},"security_level":{"type":"string","description_kind":"plain","optional":true,"computed":true},"server_side_exclude":{"type":"string","description_kind":"plain","optional":true,"computed":true},"sort_query_string_for_cache":{"type":"string","description_kind":"plain","optional":true,"computed":true},"ssl":{"type":"string","description_kind":"plain","optional":true,"computed":true},"tls_1_2_only":{"type":"string","description_kind":"plain","deprecated":true,"optional":true,"computed":true},"tls_1_3":{"type":"string","description_kind":"plain","optional":true,"computed":true},"tls_client_auth":{"type":"string","description_kind":"plain","optional":true,"computed":true},"true_client_ip_header":{"type":"string","description_kind":"plain","optional":true,"computed":true},"universal_ssl":{"type":"string","description_kind":"plain","optional":true,"computed":true},"visitor_ip":{"type":"string","description_kind":"plain","optional":true,"computed":true},"waf":{"type":"string","description_kind":"plain","optional":true,"computed":true},"webp":{"type":"string","description_kind":"plain","optional":true,"computed":true},"websockets":{"type":"string","description_kind":"plain","optional":true,"computed":true},"zero_rtt":{"type":"string","description_kind":"plain","optional":true,"computed":true}},"block_types":{"minify":{"nesting_mode":"list","block":{"attributes":{"css":{"type":"string","description_kind":"plain","required":true},"html":{"type":"string","description_kind":"plain","required":true},"js":{"type":"string","description_kind":"plain","required":true}},"description_kind":"plain"},"max_items":1},"mobile_redirect":{"nesting_mode":"list","block":{"attributes":{"mobile_subdomain":{"type":"string","description_kind":"plain","required":true},"status":{"type":"string","description_kind":"plain","required":true},"strip_uri":{"type":"bool","description_kind":"plain","required":true}},"description_kind":"plain"},"max_items":1},"security_header":{"nesting_mode":"list","block":{"attributes":{"enabled":{"type":"bool","description_kind":"plain","optional":true,"computed":true},"include_subdomains":{"type":"bool","description_kind":"plain","optional":true,"computed":true},"max_age":{"type":"number","description_kind":"plain","optional":true,"computed":true},"nosniff":{"type":"bool","description_kind":"plain","optional":true,"computed":true},"preload":{"type":"bool","description_kind":"plain","optional":true,"computed":true}},"description_kind":"plain"},"max_items":1}},"description_kind":"plain"},"max_items":1}},"description_kind":"plain"}}},"data_source_schemas":{"cloudflare_access_identity_provider":{"version":0,"block":{"attributes":{"account_id":{"type":"string","description":"The account identifier to target for the resource.","description_kind":"markdown","optional":true},"id":{"type":"string","description_kind":"plain","optional":true,"computed":true},"name":{"type":"string","description_kind":"plain","required":true},"type":{"type":"string","description_kind":"plain","computed":true},"zone_id":{"type":"string","description":"The zone identifier to target for the resource.","description_kind":"markdown","optional":true}},"description_kind":"plain"}},"cloudflare_account_roles":{"version":0,"block":{"attributes":{"account_id":{"type":"string","description":"The account identifier to target for the resource.","description_kind":"markdown","required":true},"id":{"type":"string","description_kind":"plain","optional":true,"computed":true},"roles":{"type":["list",["object",{"description":"string","id":"string","name":"string"}]],"description_kind":"plain","computed":true}},"description_kind":"plain"}},"cloudflare_api_token_permission_groups":{"version":0,"block":{"attributes":{"id":{"type":"string","description_kind":"plain","optional":true,"computed":true},"permissions":{"type":["map","string"],"description_kind":"plain","computed":true}},"description_kind":"plain"}},"cloudflare_devices":{"version":0,"block":{"attributes":{"account_id":{"type":"string","description":"The account identifier to target for the resource.","description_kind":"markdown","required":true},"devices":{"type":["list",["object",{"created":"string","device_type":"string","id":"string","ip":"string","key":"string","last_seen":"string","model":"string","name":"string","os_version":"string","updated":"string","user_email":"string","user_id":"string","user_name":"string","version":"string"}]],"description_kind":"plain","computed":true},"id":{"type":"string","description_kind":"plain","optional":true,"computed":true}},"description_kind":"plain"}},"cloudflare_ip_ranges":{"version":0,"block":{"attributes":{"china_ipv4_cidr_blocks":{"type":["list","string"],"description_kind":"plain","computed":true},"china_ipv6_cidr_blocks":{"type":["list","string"],"description_kind":"plain","computed":true},"cidr_blocks":{"type":["list","string"],"description_kind":"plain","computed":true},"id":{"type":"string","description_kind":"plain","optional":true,"computed":true},"ipv4_cidr_blocks":{"type":["list","string"],"description_kind":"plain","computed":true},"ipv6_cidr_blocks":{"type":["list","string"],"description_kind":"plain","computed":true}},"description_kind":"plain"}},"cloudflare_origin_ca_root_certificate":{"version":0,"block":{"attributes":{"algorithm":{"type":"string","description_kind":"plain","required":true},"cert_pem":{"type":"string","description_kind":"plain","computed":true},"id":{"type":"string","description_kind":"plain","optional":true,"computed":true}},"description_kind":"plain"}},"cloudflare_waf_groups":{"version":0,"block":{"attributes":{"groups":{"type":["list",["object",{"description":"string","id":"string","mode":"string","modified_rules_count":"number","name":"string","package_id":"string","rules_count":"number"}]],"description_kind":"plain","computed":true},"id":{"type":"string","description_kind":"plain","optional":true,"computed":true},"package_id":{"type":"string","description_kind":"plain","optional":true},"zone_id":{"type":"string","description":"The zone identifier to target for the resource.","description_kind":"markdown","required":true}},"block_types":{"filter":{"nesting_mode":"list","block":{"attributes":{"mode":{"type":"string","description_kind":"plain","optional":true},"name":{"type":"string","description_kind":"plain","optional":true}},"description_kind":"plain"},"max_items":1}},"description_kind":"plain"}},"cloudflare_waf_packages":{"version":0,"block":{"attributes":{"id":{"type":"string","description_kind":"plain","optional":true,"computed":true},"packages":{"type":["list",["object",{"action_mode":"string","description":"string","detection_mode":"string","id":"string","name":"string","sensitivity":"string"}]],"description_kind":"plain","computed":true},"zone_id":{"type":"string","description":"The zone identifier to target for the resource.","description_kind":"markdown","required":true}},"block_types":{"filter":{"nesting_mode":"list","block":{"attributes":{"action_mode":{"type":"string","description_kind":"plain","optional":true},"detection_mode":{"type":"string","description_kind":"plain","optional":true},"name":{"type":"string","description_kind":"plain","optional":true},"sensitivity":{"type":"string","description_kind":"plain","optional":true}},"description_kind":"plain"},"max_items":1}},"description_kind":"plain"}},"cloudflare_waf_rules":{"version":0,"block":{"attributes":{"id":{"type":"string","description_kind":"plain","optional":true,"computed":true},"package_id":{"type":"string","description_kind":"plain","optional":true},"rules":{"type":["list",["object",{"allowed_modes":["list","string"],"default_mode":"string","description":"string","group_id":"string","group_name":"string","id":"string","mode":"string","package_id":"string","priority":"string"}]],"description_kind":"plain","computed":true},"zone_id":{"type":"string","description":"The zone identifier to target for the resource.","description_kind":"markdown","required":true}},"block_types":{"filter":{"nesting_mode":"list","block":{"attributes":{"description":{"type":"string","description_kind":"plain","optional":true},"group_id":{"type":"string","description_kind":"plain","optional":true},"mode":{"type":"string","description_kind":"plain","optional":true}},"description_kind":"plain"},"max_items":1}},"description_kind":"plain"}},"cloudflare_zone":{"version":0,"block":{"attributes":{"account_id":{"type":"string","description":"The account identifier to target for the resource.","description_kind":"markdown","optional":true,"computed":true},"id":{"type":"string","description_kind":"plain","optional":true,"computed":true},"name":{"type":"string","description_kind":"plain","optional":true,"computed":true},"name_servers":{"type":["list","string"],"description_kind":"plain","computed":true},"paused":{"type":"bool","description_kind":"plain","computed":true},"plan":{"type":"string","description_kind":"plain","computed":true},"status":{"type":"string","description_kind":"plain","computed":true},"vanity_name_servers":{"type":["list","string"],"description_kind":"plain","computed":true},"zone_id":{"type":"string","description":"The zone identifier to target for the resource.","description_kind":"markdown","optional":true,"computed":true}},"description_kind":"plain"}},"cloudflare_zone_dnssec":{"version":0,"block":{"attributes":{"algorithm":{"type":"string","description_kind":"plain","computed":true},"digest":{"type":"string","description_kind":"plain","computed":true},"digest_algorithm":{"type":"string","description_kind":"plain","computed":true},"digest_type":{"type":"string","description_kind":"plain","computed":true},"ds":{"type":"string","description_kind":"plain","computed":true},"flags":{"type":"number","description_kind":"plain","computed":true},"id":{"type":"string","description_kind":"plain","optional":true,"computed":true},"key_tag":{"type":"number","description_kind":"plain","computed":true},"key_type":{"type":"string","description_kind":"plain","computed":true},"public_key":{"type":"string","description_kind":"plain","computed":true},"status":{"type":"string","description_kind":"plain","computed":true},"zone_id":{"type":"string","description":"The zone identifier to target for the resource.","description_kind":"markdown","required":true}},"description_kind":"plain"}},"cloudflare_zones":{"version":0,"block":{"attributes":{"id":{"type":"string","description_kind":"plain","optional":true,"computed":true},"zones":{"type":["list",["object",{"id":"string","name":"string"}]],"description_kind":"plain","computed":true}},"block_types":{"filter":{"nesting_mode":"list","block":{"attributes":{"account_id":{"type":"string","description":"The account identifier to target for the resource.","description_kind":"markdown","optional":true},"lookup_type":{"type":"string","description":"Defaults to `exact`.","description_kind":"markdown","optional":true},"match":{"type":"string","description_kind":"plain","optional":true},"name":{"type":"string","description_kind":"plain","optional":true},"paused":{"type":"bool","description":"Defaults to `false`.","description_kind":"markdown","optional":true},"status":{"type":"string","description_kind":"plain","optional":true}},"description_kind":"plain"},"min_items":1,"max_items":1}},"description_kind":"plain"}}}}}}
